
Microsoft Visual Studio Solution File, Format Version 12.00
# Visual Studio Version 16
VisualStudioVersion = 16.0.29905.134
MinimumVisualStudioVersion = 10.0.40219.1
Project("{8BC9CEB8-8B4A-11D0-8D11-00A0C91BC942}") = "16958 텔레포트", "Algorithm\Algorithm.vcxproj", "{B1E081E3-7351-417F-9167-E972FC7161EA}"
EndProject
Project("{8BC9CEB8-8B4A-11D0-8D11-00A0C91BC942}") = "swea 6782 현주가 좋아하는 제곱근 놀이", "swea 6782 현주가 좋아하는 제곱근 놀이\swea 6782 현주가 좋아하는 제곱근 놀이.vcxproj", "{B7DDA6D7-F4C3-4CDE-859E-F0F5F5D2F454}"
EndProject
Project("{8BC9CEB8-8B4A-11D0-8D11-00A0C91BC942}") = "swea 4112 이상한 피라미드 탐험", "swea 4112 이상한 피라미드 탐험\swea 4112 이상한 피라미드 탐험.vcxproj", "{A66DA394-F5D0-4B3A-9E78-654A958E57D6}"
EndProject
Project("{8BC9CEB8-8B4A-11D0-8D11-00A0C91BC942}") = "11559 Puyo Puyo", "11559 Puyo Puyo\11559 Puyo Puyo.vcxproj", "{39F72097-E7EB-4CE3-B36B-4E43F6F8C62F}"
EndProject
Project("{8BC9CEB8-8B4A-11D0-8D11-00A0C91BC942}") = "Brainfuck 인터프리터", "Brainfuck 인터프리터\Brainfuck 인터프리터.vcxproj", "{94320DA7-D7DE-4239-888F-8D718D2DF54E}"
EndProject
Project("{8BC9CEB8-8B4A-11D0-8D11-00A0C91BC942}") = "12851 숨바꼭질 2", "12851 숨바꼭지 2\12851 숨바꼭지 2.vcxproj", "{95454A6F-1D96-49C6-AEE6-C0D158968AD7}"
EndProject
Project("{8BC9CEB8-8B4A-11D0-8D11-00A0C91BC942}") = "13913 숨바꼭질 4", "13913 숨바꼭질 4\13913 숨바꼭질 4.vcxproj", "{32EBAE5E-D337-4963-B134-030B415DA7F1}"
EndProject
Project("{8BC9CEB8-8B4A-11D0-8D11-00A0C91BC942}") = "17071 숨바꼭질 5", "17071 숨바꼭질 5\17071 숨바꼭질 5.vcxproj", "{B3B4F828-E15F-461A-9810-8047139846DD}"
EndProject
Project("{8BC9CEB8-8B4A-11D0-8D11-00A0C91BC942}") = "LinkedList", "LinkedList\LinkedList.vcxproj", "{B702BBD8-8236-4BBE-BD99-B128C3A40837}"
EndProject
Project("{8BC9CEB8-8B4A-11D0-8D11-00A0C91BC942}") = "1915 가장 큰 정사각형", "1915 가장 큰 정사각형\1915 가장 큰 정사각형.vcxproj", "{4BE964E5-DE78-49E5-A31A-E9063645E285}"
EndProject
Project("{8BC9CEB8-8B4A-11D0-8D11-00A0C91BC942}") = "1261 알고스팟", "1261 알고스팟\1261 알고스팟.vcxproj", "{B6C0EC32-40BC-4212-8A66-D6DDFDBA62A1}"
EndProject
Project("{8BC9CEB8-8B4A-11D0-8D11-00A0C91BC942}") = "17406 배열 돌리기 4", "17406 배열 돌리기 4\17406 배열 돌리기 4.vcxproj", "{1ECCB88B-7355-4BFB-9F4B-E830D10164D2}"
EndProject
Project("{8BC9CEB8-8B4A-11D0-8D11-00A0C91BC942}") = "2206 벽 부수고 이동하기", "2206 벽 부수고 이동하기\2206 벽 부수고 이동하기.vcxproj", "{E2FDB708-B3A9-4F41-B13C-470FFDD856DC}"
EndProject
Project("{8BC9CEB8-8B4A-11D0-8D11-00A0C91BC942}") = "14442 벽 부수고 이동하기2", "14442 벽 부수고 이동하기2\14442 벽 부수고 이동하기2.vcxproj", "{3A3DDDAD-C621-4FE0-A62F-509B083B7363}"
EndProject
Project("{8BC9CEB8-8B4A-11D0-8D11-00A0C91BC942}") = "2169 로봇 조종하기", "2169 로봇 조종하기\2169 로봇 조종하기.vcxproj", "{7883E282-FF68-46A7-B209-094F45254A11}"
EndProject
Project("{8BC9CEB8-8B4A-11D0-8D11-00A0C91BC942}") = "9376 탈옥", "9376 탈옥\9376 탈옥.vcxproj", "{D7B9C95C-9697-4E20-8584-F830752FDD8B}"
EndProject
Project("{8BC9CEB8-8B4A-11D0-8D11-00A0C91BC942}") = "8111 0과 1", "8111 0과 1\8111 0과 1.vcxproj", "{2A5E05F8-CD9B-4AAC-AE78-9F6F9DFF5A22}"
EndProject
Project("{8BC9CEB8-8B4A-11D0-8D11-00A0C91BC942}") = "1612 가지고 노는 1", "1612 가지고 노는 1\1612 가지고 노는 1.vcxproj", "{0391BE98-D3C8-4BFE-95FA-87AF9102BF39}"
EndProject
Project("{8BC9CEB8-8B4A-11D0-8D11-00A0C91BC942}") = "8112 0과 1 - 2", "8112 0과 1 - 2\8112 0과 1 - 2.vcxproj", "{8B2E08AB-6678-497F-8F40-A351789E3F08}"
EndProject
Project("{8BC9CEB8-8B4A-11D0-8D11-00A0C91BC942}") = "3085 사탕 게임", "3085 사탕 게임\3085 사탕 게임.vcxproj", "{FF10886B-D2AB-4DE0-B358-64D146C0B303}"
EndProject
Project("{8BC9CEB8-8B4A-11D0-8D11-00A0C91BC942}") = "1717 집합의 표현", "1717 집합의 표현\1717 집합의 표현.vcxproj", "{6C27EF7C-EFE4-48D2-A588-282BCB5F119F}"
EndProject
Project("{8BC9CEB8-8B4A-11D0-8D11-00A0C91BC942}") = "Disjoint-set", "Disjoint-set\Disjoint-set.vcxproj", "{EE62A85F-D81C-4A89-8AE3-A3509017F795}"
EndProject
Global
	GlobalSection(SolutionConfigurationPlatforms) = preSolution
		Debug|x64 = Debug|x64
		Debug|x86 = Debug|x86
		Release|x64 = Release|x64
		Release|x86 = Release|x86
	EndGlobalSection
	GlobalSection(ProjectConfigurationPlatforms) = postSolution
		{B1E081E3-7351-417F-9167-E972FC7161EA}.Debug|x64.ActiveCfg = Debug|x64
		{B1E081E3-7351-417F-9167-E972FC7161EA}.Debug|x64.Build.0 = Debug|x64
		{B1E081E3-7351-417F-9167-E972FC7161EA}.Debug|x86.ActiveCfg = Debug|Win32
		{B1E081E3-7351-417F-9167-E972FC7161EA}.Debug|x86.Build.0 = Debug|Win32
		{B1E081E3-7351-417F-9167-E972FC7161EA}.Release|x64.ActiveCfg = Release|x64
		{B1E081E3-7351-417F-9167-E972FC7161EA}.Release|x64.Build.0 = Release|x64
		{B1E081E3-7351-417F-9167-E972FC7161EA}.Release|x86.ActiveCfg = Release|Win32
		{B1E081E3-7351-417F-9167-E972FC7161EA}.Release|x86.Build.0 = Release|Win32
		{B7DDA6D7-F4C3-4CDE-859E-F0F5F5D2F454}.Debug|x64.ActiveCfg = Debug|x64
		{B7DDA6D7-F4C3-4CDE-859E-F0F5F5D2F454}.Debug|x64.Build.0 = Debug|x64
		{B7DDA6D7-F4C3-4CDE-859E-F0F5F5D2F454}.Debug|x86.ActiveCfg = Debug|Win32
		{B7DDA6D7-F4C3-4CDE-859E-F0F5F5D2F454}.Debug|x86.Build.0 = Debug|Win32
		{B7DDA6D7-F4C3-4CDE-859E-F0F5F5D2F454}.Release|x64.ActiveCfg = Release|x64
		{B7DDA6D7-F4C3-4CDE-859E-F0F5F5D2F454}.Release|x64.Build.0 = Release|x64
		{B7DDA6D7-F4C3-4CDE-859E-F0F5F5D2F454}.Release|x86.ActiveCfg = Release|Win32
		{B7DDA6D7-F4C3-4CDE-859E-F0F5F5D2F454}.Release|x86.Build.0 = Release|Win32
		{A66DA394-F5D0-4B3A-9E78-654A958E57D6}.Debug|x64.ActiveCfg = Debug|x64
		{A66DA394-F5D0-4B3A-9E78-654A958E57D6}.Debug|x64.Build.0 = Debug|x64
		{A66DA394-F5D0-4B3A-9E78-654A958E57D6}.Debug|x86.ActiveCfg = Debug|Win32
		{A66DA394-F5D0-4B3A-9E78-654A958E57D6}.Debug|x86.Build.0 = Debug|Win32
		{A66DA394-F5D0-4B3A-9E78-654A958E57D6}.Release|x64.ActiveCfg = Release|x64
		{A66DA394-F5D0-4B3A-9E78-654A958E57D6}.Release|x64.Build.0 = Release|x64
		{A66DA394-F5D0-4B3A-9E78-654A958E57D6}.Release|x86.ActiveCfg = Release|Win32
		{A66DA394-F5D0-4B3A-9E78-654A958E57D6}.Release|x86.Build.0 = Release|Win32
		{39F72097-E7EB-4CE3-B36B-4E43F6F8C62F}.Debug|x64.ActiveCfg = Debug|x64
		{39F72097-E7EB-4CE3-B36B-4E43F6F8C62F}.Debug|x64.Build.0 = Debug|x64
		{39F72097-E7EB-4CE3-B36B-4E43F6F8C62F}.Debug|x86.ActiveCfg = Debug|Win32
		{39F72097-E7EB-4CE3-B36B-4E43F6F8C62F}.Debug|x86.Build.0 = Debug|Win32
		{39F72097-E7EB-4CE3-B36B-4E43F6F8C62F}.Release|x64.ActiveCfg = Release|x64
		{39F72097-E7EB-4CE3-B36B-4E43F6F8C62F}.Release|x64.Build.0 = Release|x64
		{39F72097-E7EB-4CE3-B36B-4E43F6F8C62F}.Release|x86.ActiveCfg = Release|Win32
		{39F72097-E7EB-4CE3-B36B-4E43F6F8C62F}.Release|x86.Build.0 = Release|Win32
		{94320DA7-D7DE-4239-888F-8D718D2DF54E}.Debug|x64.ActiveCfg = Debug|x64
		{94320DA7-D7DE-4239-888F-8D718D2DF54E}.Debug|x64.Build.0 = Debug|x64
		{94320DA7-D7DE-4239-888F-8D718D2DF54E}.Debug|x86.ActiveCfg = Debug|Win32
		{94320DA7-D7DE-4239-888F-8D718D2DF54E}.Debug|x86.Build.0 = Debug|Win32
		{94320DA7-D7DE-4239-888F-8D718D2DF54E}.Release|x64.ActiveCfg = Release|x64
		{94320DA7-D7DE-4239-888F-8D718D2DF54E}.Release|x64.Build.0 = Release|x64
		{94320DA7-D7DE-4239-888F-8D718D2DF54E}.Release|x86.ActiveCfg = Release|Win32
		{94320DA7-D7DE-4239-888F-8D718D2DF54E}.Release|x86.Build.0 = Release|Win32
		{95454A6F-1D96-49C6-AEE6-C0D158968AD7}.Debug|x64.ActiveCfg = Debug|x64
		{95454A6F-1D96-49C6-AEE6-C0D158968AD7}.Debug|x64.Build.0 = Debug|x64
		{95454A6F-1D96-49C6-AEE6-C0D158968AD7}.Debug|x86.ActiveCfg = Debug|Win32
		{95454A6F-1D96-49C6-AEE6-C0D158968AD7}.Debug|x86.Build.0 = Debug|Win32
		{95454A6F-1D96-49C6-AEE6-C0D158968AD7}.Release|x64.ActiveCfg = Release|x64
		{95454A6F-1D96-49C6-AEE6-C0D158968AD7}.Release|x64.Build.0 = Release|x64
		{95454A6F-1D96-49C6-AEE6-C0D158968AD7}.Release|x86.ActiveCfg = Release|Win32
		{95454A6F-1D96-49C6-AEE6-C0D158968AD7}.Release|x86.Build.0 = Release|Win32
		{32EBAE5E-D337-4963-B134-030B415DA7F1}.Debug|x64.ActiveCfg = Debug|x64
		{32EBAE5E-D337-4963-B134-030B415DA7F1}.Debug|x64.Build.0 = Debug|x64
		{32EBAE5E-D337-4963-B134-030B415DA7F1}.Debug|x86.ActiveCfg = Debug|Win32
		{32EBAE5E-D337-4963-B134-030B415DA7F1}.Debug|x86.Build.0 = Debug|Win32
		{32EBAE5E-D337-4963-B134-030B415DA7F1}.Release|x64.ActiveCfg = Release|x64
		{32EBAE5E-D337-4963-B134-030B415DA7F1}.Release|x64.Build.0 = Release|x64
		{32EBAE5E-D337-4963-B134-030B415DA7F1}.Release|x86.ActiveCfg = Release|Win32
		{32EBAE5E-D337-4963-B134-030B415DA7F1}.Release|x86.Build.0 = Release|Win32
		{B3B4F828-E15F-461A-9810-8047139846DD}.Debug|x64.ActiveCfg = Debug|x64
		{B3B4F828-E15F-461A-9810-8047139846DD}.Debug|x64.Build.0 = Debug|x64
		{B3B4F828-E15F-461A-9810-8047139846DD}.Debug|x86.ActiveCfg = Debug|Win32
		{B3B4F828-E15F-461A-9810-8047139846DD}.Debug|x86.Build.0 = Debug|Win32
		{B3B4F828-E15F-461A-9810-8047139846DD}.Release|x64.ActiveCfg = Release|x64
		{B3B4F828-E15F-461A-9810-8047139846DD}.Release|x64.Build.0 = Release|x64
		{B3B4F828-E15F-461A-9810-8047139846DD}.Release|x86.ActiveCfg = Release|Win32
		{B3B4F828-E15F-461A-9810-8047139846DD}.Release|x86.Build.0 = Release|Win32
		{B702BBD8-8236-4BBE-BD99-B128C3A40837}.Debug|x64.ActiveCfg = Debug|x64
		{B702BBD8-8236-4BBE-BD99-B128C3A40837}.Debug|x64.Build.0 = Debug|x64
		{B702BBD8-8236-4BBE-BD99-B128C3A40837}.Debug|x86.ActiveCfg = Debug|Win32
		{B702BBD8-8236-4BBE-BD99-B128C3A40837}.Debug|x86.Build.0 = Debug|Win32
		{B702BBD8-8236-4BBE-BD99-B128C3A40837}.Release|x64.ActiveCfg = Release|x64
		{B702BBD8-8236-4BBE-BD99-B128C3A40837}.Release|x64.Build.0 = Release|x64
		{B702BBD8-8236-4BBE-BD99-B128C3A40837}.Release|x86.ActiveCfg = Release|Win32
		{B702BBD8-8236-4BBE-BD99-B128C3A40837}.Release|x86.Build.0 = Release|Win32
		{4BE964E5-DE78-49E5-A31A-E9063645E285}.Debug|x64.ActiveCfg = Debug|x64
		{4BE964E5-DE78-49E5-A31A-E9063645E285}.Debug|x64.Build.0 = Debug|x64
		{4BE964E5-DE78-49E5-A31A-E9063645E285}.Debug|x86.ActiveCfg = Debug|Win32
		{4BE964E5-DE78-49E5-A31A-E9063645E285}.Debug|x86.Build.0 = Debug|Win32
		{4BE964E5-DE78-49E5-A31A-E9063645E285}.Release|x64.ActiveCfg = Release|x64
		{4BE964E5-DE78-49E5-A31A-E9063645E285}.Release|x64.Build.0 = Release|x64
		{4BE964E5-DE78-49E5-A31A-E9063645E285}.Release|x86.ActiveCfg = Release|Win32
		{4BE964E5-DE78-49E5-A31A-E9063645E285}.Release|x86.Build.0 = Release|Win32
		{B6C0EC32-40BC-4212-8A66-D6DDFDBA62A1}.Debug|x64.ActiveCfg = Debug|x64
		{B6C0EC32-40BC-4212-8A66-D6DDFDBA62A1}.Debug|x64.Build.0 = Debug|x64
		{B6C0EC32-40BC-4212-8A66-D6DDFDBA62A1}.Debug|x86.ActiveCfg = Debug|Win32
		{B6C0EC32-40BC-4212-8A66-D6DDFDBA62A1}.Debug|x86.Build.0 = Debug|Win32
		{B6C0EC32-40BC-4212-8A66-D6DDFDBA62A1}.Release|x64.ActiveCfg = Release|x64
		{B6C0EC32-40BC-4212-8A66-D6DDFDBA62A1}.Release|x64.Build.0 = Release|x64
		{B6C0EC32-40BC-4212-8A66-D6DDFDBA62A1}.Release|x86.ActiveCfg = Release|Win32
		{B6C0EC32-40BC-4212-8A66-D6DDFDBA62A1}.Release|x86.Build.0 = Release|Win32
		{1ECCB88B-7355-4BFB-9F4B-E830D10164D2}.Debug|x64.ActiveCfg = Debug|x64
		{1ECCB88B-7355-4BFB-9F4B-E830D10164D2}.Debug|x64.Build.0 = Debug|x64
		{1ECCB88B-7355-4BFB-9F4B-E830D10164D2}.Debug|x86.ActiveCfg = Debug|Win32
		{1ECCB88B-7355-4BFB-9F4B-E830D10164D2}.Debug|x86.Build.0 = Debug|Win32
		{1ECCB88B-7355-4BFB-9F4B-E830D10164D2}.Release|x64.ActiveCfg = Release|x64
		{1ECCB88B-7355-4BFB-9F4B-E830D10164D2}.Release|x64.Build.0 = Release|x64
		{1ECCB88B-7355-4BFB-9F4B-E830D10164D2}.Release|x86.ActiveCfg = Release|Win32
		{1ECCB88B-7355-4BFB-9F4B-E830D10164D2}.Release|x86.Build.0 = Release|Win32
		{E2FDB708-B3A9-4F41-B13C-470FFDD856DC}.Debug|x64.ActiveCfg = Debug|x64
		{E2FDB708-B3A9-4F41-B13C-470FFDD856DC}.Debug|x64.Build.0 = Debug|x64
		{E2FDB708-B3A9-4F41-B13C-470FFDD856DC}.Debug|x86.ActiveCfg = Debug|Win32
		{E2FDB708-B3A9-4F41-B13C-470FFDD856DC}.Debug|x86.Build.0 = Debug|Win32
		{E2FDB708-B3A9-4F41-B13C-470FFDD856DC}.Release|x64.ActiveCfg = Release|x64
		{E2FDB708-B3A9-4F41-B13C-470FFDD856DC}.Release|x64.Build.0 = Release|x64
		{E2FDB708-B3A9-4F41-B13C-470FFDD856DC}.Release|x86.ActiveCfg = Release|Win32
		{E2FDB708-B3A9-4F41-B13C-470FFDD856DC}.Release|x86.Build.0 = Release|Win32
		{3A3DDDAD-C621-4FE0-A62F-509B083B7363}.Debug|x64.ActiveCfg = Debug|x64
		{3A3DDDAD-C621-4FE0-A62F-509B083B7363}.Debug|x64.Build.0 = Debug|x64
		{3A3DDDAD-C621-4FE0-A62F-509B083B7363}.Debug|x86.ActiveCfg = Debug|Win32
		{3A3DDDAD-C621-4FE0-A62F-509B083B7363}.Debug|x86.Build.0 = Debug|Win32
		{3A3DDDAD-C621-4FE0-A62F-509B083B7363}.Release|x64.ActiveCfg = Release|x64
		{3A3DDDAD-C621-4FE0-A62F-509B083B7363}.Release|x64.Build.0 = Release|x64
		{3A3DDDAD-C621-4FE0-A62F-509B083B7363}.Release|x86.ActiveCfg = Release|Win32
		{3A3DDDAD-C621-4FE0-A62F-509B083B7363}.Release|x86.Build.0 = Release|Win32
		{7883E282-FF68-46A7-B209-094F45254A11}.Debug|x64.ActiveCfg = Debug|x64
		{7883E282-FF68-46A7-B209-094F45254A11}.Debug|x64.Build.0 = Debug|x64
		{7883E282-FF68-46A7-B209-094F45254A11}.Debug|x86.ActiveCfg = Debug|Win32
		{7883E282-FF68-46A7-B209-094F45254A11}.Debug|x86.Build.0 = Debug|Win32
		{7883E282-FF68-46A7-B209-094F45254A11}.Release|x64.ActiveCfg = Release|x64
		{7883E282-FF68-46A7-B209-094F45254A11}.Release|x64.Build.0 = Release|x64
		{7883E282-FF68-46A7-B209-094F45254A11}.Release|x86.ActiveCfg = Release|Win32
		{7883E282-FF68-46A7-B209-094F45254A11}.Release|x86.Build.0 = Release|Win32
		{D7B9C95C-9697-4E20-8584-F830752FDD8B}.Debug|x64.ActiveCfg = Debug|x64
		{D7B9C95C-9697-4E20-8584-F830752FDD8B}.Debug|x64.Build.0 = Debug|x64
		{D7B9C95C-9697-4E20-8584-F830752FDD8B}.Debug|x86.ActiveCfg = Debug|Win32
		{D7B9C95C-9697-4E20-8584-F830752FDD8B}.Debug|x86.Build.0 = Debug|Win32
		{D7B9C95C-9697-4E20-8584-F830752FDD8B}.Release|x64.ActiveCfg = Release|x64
		{D7B9C95C-9697-4E20-8584-F830752FDD8B}.Release|x64.Build.0 = Release|x64
		{D7B9C95C-9697-4E20-8584-F830752FDD8B}.Release|x86.ActiveCfg = Release|Win32
		{D7B9C95C-9697-4E20-8584-F830752FDD8B}.Release|x86.Build.0 = Release|Win32
		{2A5E05F8-CD9B-4AAC-AE78-9F6F9DFF5A22}.Debug|x64.ActiveCfg = Debug|x64
		{2A5E05F8-CD9B-4AAC-AE78-9F6F9DFF5A22}.Debug|x64.Build.0 = Debug|x64
		{2A5E05F8-CD9B-4AAC-AE78-9F6F9DFF5A22}.Debug|x86.ActiveCfg = Debug|Win32
		{2A5E05F8-CD9B-4AAC-AE78-9F6F9DFF5A22}.Debug|x86.Build.0 = Debug|Win32
		{2A5E05F8-CD9B-4AAC-AE78-9F6F9DFF5A22}.Release|x64.ActiveCfg = Release|x64
		{2A5E05F8-CD9B-4AAC-AE78-9F6F9DFF5A22}.Release|x64.Build.0 = Release|x64
		{2A5E05F8-CD9B-4AAC-AE78-9F6F9DFF5A22}.Release|x86.ActiveCfg = Release|Win32
		{2A5E05F8-CD9B-4AAC-AE78-9F6F9DFF5A22}.Release|x86.Build.0 = Release|Win32
		{0391BE98-D3C8-4BFE-95FA-87AF9102BF39}.Debug|x64.ActiveCfg = Debug|x64
		{0391BE98-D3C8-4BFE-95FA-87AF9102BF39}.Debug|x64.Build.0 = Debug|x64
		{0391BE98-D3C8-4BFE-95FA-87AF9102BF39}.Debug|x86.ActiveCfg = Debug|Win32
		{0391BE98-D3C8-4BFE-95FA-87AF9102BF39}.Debug|x86.Build.0 = Debug|Win32
		{0391BE98-D3C8-4BFE-95FA-87AF9102BF39}.Release|x64.ActiveCfg = Release|x64
		{0391BE98-D3C8-4BFE-95FA-87AF9102BF39}.Release|x64.Build.0 = Release|x64
		{0391BE98-D3C8-4BFE-95FA-87AF9102BF39}.Release|x86.ActiveCfg = Release|Win32
		{0391BE98-D3C8-4BFE-95FA-87AF9102BF39}.Release|x86.Build.0 = Release|Win32
		{8B2E08AB-6678-497F-8F40-A351789E3F08}.Debug|x64.ActiveCfg = Debug|x64
		{8B2E08AB-6678-497F-8F40-A351789E3F08}.Debug|x64.Build.0 = Debug|x64
		{8B2E08AB-6678-497F-8F40-A351789E3F08}.Debug|x86.ActiveCfg = Debug|Win32
		{8B2E08AB-6678-497F-8F40-A351789E3F08}.Debug|x86.Build.0 = Debug|Win32
		{8B2E08AB-6678-497F-8F40-A351789E3F08}.Release|x64.ActiveCfg = Release|x64
		{8B2E08AB-6678-497F-8F40-A351789E3F08}.Release|x64.Build.0 = Release|x64
		{8B2E08AB-6678-497F-8F40-A351789E3F08}.Release|x86.ActiveCfg = Release|Win32
		{8B2E08AB-6678-497F-8F40-A351789E3F08}.Release|x86.Build.0 = Release|Win32
		{FF10886B-D2AB-4DE0-B358-64D146C0B303}.Debug|x64.ActiveCfg = Debug|x64
		{FF10886B-D2AB-4DE0-B358-64D146C0B303}.Debug|x64.Build.0 = Debug|x64
		{FF10886B-D2AB-4DE0-B358-64D146C0B303}.Debug|x86.ActiveCfg = Debug|Win32
		{FF10886B-D2AB-4DE0-B358-64D146C0B303}.Debug|x86.Build.0 = Debug|Win32
		{FF10886B-D2AB-4DE0-B358-64D146C0B303}.Release|x64.ActiveCfg = Release|x64
		{FF10886B-D2AB-4DE0-B358-64D146C0B303}.Release|x64.Build.0 = Release|x64
		{FF10886B-D2AB-4DE0-B358-64D146C0B303}.Release|x86.ActiveCfg = Release|Win32
		{FF10886B-D2AB-4DE0-B358-64D146C0B303}.Release|x86.Build.0 = Release|Win32
		{6C27EF7C-EFE4-48D2-A588-282BCB5F119F}.Debug|x64.ActiveCfg = Debug|x64
		{6C27EF7C-EFE4-48D2-A588-282BCB5F119F}.Debug|x64.Build.0 = Debug|x64
		{6C27EF7C-EFE4-48D2-A588-282BCB5F119F}.Debug|x86.ActiveCfg = Debug|Win32
		{6C27EF7C-EFE4-48D2-A588-282BCB5F119F}.Debug|x86.Build.0 = Debug|Win32
		{6C27EF7C-EFE4-48D2-A588-282BCB5F119F}.Release|x64.ActiveCfg = Release|x64
		{6C27EF7C-EFE4-48D2-A588-282BCB5F119F}.Release|x64.Build.0 = Release|x64
		{6C27EF7C-EFE4-48D2-A588-282BCB5F119F}.Release|x86.ActiveCfg = Release|Win32
		{6C27EF7C-EFE4-48D2-A588-282BCB5F119F}.Release|x86.Build.0 = Release|Win32
		{EE62A85F-D81C-4A89-8AE3-A3509017F795}.Debug|x64.ActiveCfg = Debug|x64
		{EE62A85F-D81C-4A89-8AE3-A3509017F795}.Debug|x64.Build.0 = Debug|x64
		{EE62A85F-D81C-4A89-8AE3-A3509017F795}.Debug|x86.ActiveCfg = Debug|Win32
		{EE62A85F-D81C-4A89-8AE3-A3509017F795}.Debug|x86.Build.0 = Debug|Win32
		{EE62A85F-D81C-4A89-8AE3-A3509017F795}.Release|x64.ActiveCfg = Release|x64
		{EE62A85F-D81C-4A89-8AE3-A3509017F795}.Release|x64.Build.0 = Release|x64
		{EE62A85F-D81C-4A89-8AE3-A3509017F795}.Release|x86.ActiveCfg = Release|Win32
		{EE62A85F-D81C-4A89-8AE3-A3509017F795}.Release|x86.Build.0 = Release|Win32
	EndGlobalSection
	GlobalSection(SolutionProperties) = preSolution
		HideSolutionNode = FALSE
	EndGlobalSection
	GlobalSection(ExtensibilityGlobals) = postSolution
		SolutionGuid = {F5657B0C-B2A8-49BB-A012-5BF116BDAF5C}
	EndGlobalSection
EndGlobal
