
Microsoft Visual Studio Solution File, Format Version 12.00
# Visual Studio Version 16
VisualStudioVersion = 16.0.29905.134
MinimumVisualStudioVersion = 10.0.40219.1
Project("{8BC9CEB8-8B4A-11D0-8D11-00A0C91BC942}") = "16958 텔레포트", "Algorithm\Algorithm.vcxproj", "{B1E081E3-7351-417F-9167-E972FC7161EA}"
EndProject
Project("{8BC9CEB8-8B4A-11D0-8D11-00A0C91BC942}") = "swea 6782 현주가 좋아하는 제곱근 놀이", "swea 6782 현주가 좋아하는 제곱근 놀이\swea 6782 현주가 좋아하는 제곱근 놀이.vcxproj", "{B7DDA6D7-F4C3-4CDE-859E-F0F5F5D2F454}"
EndProject
Project("{8BC9CEB8-8B4A-11D0-8D11-00A0C91BC942}") = "swea 4112 이상한 피라미드 탐험", "swea 4112 이상한 피라미드 탐험\swea 4112 이상한 피라미드 탐험.vcxproj", "{A66DA394-F5D0-4B3A-9E78-654A958E57D6}"
EndProject
Project("{8BC9CEB8-8B4A-11D0-8D11-00A0C91BC942}") = "11559 Puyo Puyo", "11559 Puyo Puyo\11559 Puyo Puyo.vcxproj", "{39F72097-E7EB-4CE3-B36B-4E43F6F8C62F}"
EndProject
Project("{8BC9CEB8-8B4A-11D0-8D11-00A0C91BC942}") = "Brainfuck 인터프리터", "Brainfuck 인터프리터\Brainfuck 인터프리터.vcxproj", "{94320DA7-D7DE-4239-888F-8D718D2DF54E}"
EndProject
Project("{8BC9CEB8-8B4A-11D0-8D11-00A0C91BC942}") = "12851 숨바꼭질 2", "12851 숨바꼭지 2\12851 숨바꼭지 2.vcxproj", "{95454A6F-1D96-49C6-AEE6-C0D158968AD7}"
EndProject
Project("{8BC9CEB8-8B4A-11D0-8D11-00A0C91BC942}") = "13913 숨바꼭질 4", "13913 숨바꼭질 4\13913 숨바꼭질 4.vcxproj", "{32EBAE5E-D337-4963-B134-030B415DA7F1}"
EndProject
Project("{8BC9CEB8-8B4A-11D0-8D11-00A0C91BC942}") = "17071 숨바꼭질 5", "17071 숨바꼭질 5\17071 숨바꼭질 5.vcxproj", "{B3B4F828-E15F-461A-9810-8047139846DD}"
EndProject
Project("{8BC9CEB8-8B4A-11D0-8D11-00A0C91BC942}") = "LinkedList", "LinkedList\LinkedList.vcxproj", "{B702BBD8-8236-4BBE-BD99-B128C3A40837}"
EndProject
Project("{8BC9CEB8-8B4A-11D0-8D11-00A0C91BC942}") = "1915 가장 큰 정사각형", "1915 가장 큰 정사각형\1915 가장 큰 정사각형.vcxproj", "{4BE964E5-DE78-49E5-A31A-E9063645E285}"
EndProject
Project("{8BC9CEB8-8B4A-11D0-8D11-00A0C91BC942}") = "1261 알고스팟", "1261 알고스팟\1261 알고스팟.vcxproj", "{B6C0EC32-40BC-4212-8A66-D6DDFDBA62A1}"
EndProject
Project("{8BC9CEB8-8B4A-11D0-8D11-00A0C91BC942}") = "17406 배열 돌리기 4", "17406 배열 돌리기 4\17406 배열 돌리기 4.vcxproj", "{1ECCB88B-7355-4BFB-9F4B-E830D10164D2}"
EndProject
Project("{8BC9CEB8-8B4A-11D0-8D11-00A0C91BC942}") = "2206 벽 부수고 이동하기", "2206 벽 부수고 이동하기\2206 벽 부수고 이동하기.vcxproj", "{E2FDB708-B3A9-4F41-B13C-470FFDD856DC}"
EndProject
Project("{8BC9CEB8-8B4A-11D0-8D11-00A0C91BC942}") = "14442 벽 부수고 이동하기2", "14442 벽 부수고 이동하기2\14442 벽 부수고 이동하기2.vcxproj", "{3A3DDDAD-C621-4FE0-A62F-509B083B7363}"
EndProject
Project("{8BC9CEB8-8B4A-11D0-8D11-00A0C91BC942}") = "2169 로봇 조종하기", "2169 로봇 조종하기\2169 로봇 조종하기.vcxproj", "{7883E282-FF68-46A7-B209-094F45254A11}"
EndProject
Project("{8BC9CEB8-8B4A-11D0-8D11-00A0C91BC942}") = "9376 탈옥", "9376 탈옥\9376 탈옥.vcxproj", "{D7B9C95C-9697-4E20-8584-F830752FDD8B}"
EndProject
Project("{8BC9CEB8-8B4A-11D0-8D11-00A0C91BC942}") = "8111 0과 1", "8111 0과 1\8111 0과 1.vcxproj", "{2A5E05F8-CD9B-4AAC-AE78-9F6F9DFF5A22}"
EndProject
Project("{8BC9CEB8-8B4A-11D0-8D11-00A0C91BC942}") = "1612 가지고 노는 1", "1612 가지고 노는 1\1612 가지고 노는 1.vcxproj", "{0391BE98-D3C8-4BFE-95FA-87AF9102BF39}"
EndProject
Project("{8BC9CEB8-8B4A-11D0-8D11-00A0C91BC942}") = "8112 0과 1 - 2", "8112 0과 1 - 2\8112 0과 1 - 2.vcxproj", "{8B2E08AB-6678-497F-8F40-A351789E3F08}"
EndProject
Project("{8BC9CEB8-8B4A-11D0-8D11-00A0C91BC942}") = "3085 사탕 게임", "3085 사탕 게임\3085 사탕 게임.vcxproj", "{FF10886B-D2AB-4DE0-B358-64D146C0B303}"
EndProject
Project("{8BC9CEB8-8B4A-11D0-8D11-00A0C91BC942}") = "1717 집합의 표현", "1717 집합의 표현\1717 집합의 표현.vcxproj", "{6C27EF7C-EFE4-48D2-A588-282BCB5F119F}"
EndProject
Project("{8BC9CEB8-8B4A-11D0-8D11-00A0C91BC942}") = "Disjoint-set", "Disjoint-set\Disjoint-set.vcxproj", "{EE62A85F-D81C-4A89-8AE3-A3509017F795}"
EndProject
Project("{8BC9CEB8-8B4A-11D0-8D11-00A0C91BC942}") = "2583 영역 구하기", "2583 영역 구하기\2583 영역 구하기.vcxproj", "{DE1FA19F-4EFA-47D8-AD38-25AFE7665D82}"
EndProject
Project("{8BC9CEB8-8B4A-11D0-8D11-00A0C91BC942}") = "16986 인싸들의 가위바위보", "16986 인싸들의 가위바위보\16986 인싸들의 가위바위보.vcxproj", "{006F6A0A-C92B-4AB3-A009-E4746BEFCB08}"
EndProject
Project("{8BC9CEB8-8B4A-11D0-8D11-00A0C91BC942}") = "16953 A → B", "16953 A → B\16953 A → B.vcxproj", "{78D415A8-9E08-44C3-BAC2-EA49CD7C2D77}"
EndProject
Project("{8BC9CEB8-8B4A-11D0-8D11-00A0C91BC942}") = "14395 4연산", "14395 4연산\14395 4연산.vcxproj", "{861BC316-99B5-4E7F-81FA-0A2ABD9A102E}"
EndProject
Project("{8BC9CEB8-8B4A-11D0-8D11-00A0C91BC942}") = "17822 원판돌리기", "17822 원판돌리기\17822 원판돌리기.vcxproj", "{568A4125-0E9A-4CED-9D87-48C7AA09B411}"
EndProject
Project("{8BC9CEB8-8B4A-11D0-8D11-00A0C91BC942}") = "2151 거울 설치", "2151 거울 설치\2151 거울 설치.vcxproj", "{804B9CD0-EF46-49C4-ADA9-8F7E24E462F5}"
EndProject
Project("{8BC9CEB8-8B4A-11D0-8D11-00A0C91BC942}") = "1339 단어수학", "1339 단어수학\1339 단어수학.vcxproj", "{A0C29364-05D1-4C0F-A25B-16010F51CDA2}"
EndProject
Project("{8BC9CEB8-8B4A-11D0-8D11-00A0C91BC942}") = "16940 BFS 스폐셜 저지", "BFS 스폐셜 저지\BFS 스폐셜 저지.vcxproj", "{DFE71FBD-1AB3-4713-9F2F-B422D846626E}"
EndProject
Project("{8BC9CEB8-8B4A-11D0-8D11-00A0C91BC942}") = "16964 DFS 스페셜 저지", "16964 DFS 스페셜 저지\16964 DFS 스페셜 저지.vcxproj", "{BF2A0DA2-E5DA-45DB-8971-EB8E5929C5D4}"
EndProject
Project("{8BC9CEB8-8B4A-11D0-8D11-00A0C91BC942}") = "16957 체스판 위의 공", "16957 체스판 위의 공\16957 체스판 위의 공.vcxproj", "{1683A36C-0268-476E-988F-7D15CC725633}"
EndProject
Project("{8BC9CEB8-8B4A-11D0-8D11-00A0C91BC942}") = "9944 NxM 보드 완주하기", "NxM 보드 완준하기\NxM 보드 완준하기.vcxproj", "{EF3D0467-82C2-4A5C-A728-821E51BE756D}"
EndProject
Project("{8BC9CEB8-8B4A-11D0-8D11-00A0C91BC942}") = "2651 자동차경주대회", "2651 자동차경주대호\2651 자동차경주대호.vcxproj", "{3EFF4091-28EA-4122-909D-F1F5079570C0}"
EndProject
Project("{8BC9CEB8-8B4A-11D0-8D11-00A0C91BC942}") = "9328 열쇠", "9328 열쇠\9328 열쇠.vcxproj", "{36EC702E-52D1-4055-BE8E-1C974E254367}"
EndProject
Project("{8BC9CEB8-8B4A-11D0-8D11-00A0C91BC942}") = "kakao 비밀지도", "kakao 비밀지도\kakao 비밀지도.vcxproj", "{384B960B-DD27-4752-B992-D4131B3C6C44}"
EndProject
Project("{8BC9CEB8-8B4A-11D0-8D11-00A0C91BC942}") = "17825 주사위 윷놀이", "17825 주사위 윷놀이\17825 주사위 윷놀이.vcxproj", "{381480C6-DC23-4C0B-BE96-169C987927CB}"
EndProject
Project("{8BC9CEB8-8B4A-11D0-8D11-00A0C91BC942}") = "16932 모양 만들기", "16932 모양 만들기\16932 모양 만들기.vcxproj", "{1EBC84BD-B770-4CA5-AD51-C3CA943CBD4E}"
EndProject
Project("{8BC9CEB8-8B4A-11D0-8D11-00A0C91BC942}") = "9012 괄호", "9012 괄호\9012 괄호.vcxproj", "{183581A7-0B40-4122-9701-74C67A0295B2}"
EndProject
Project("{8BC9CEB8-8B4A-11D0-8D11-00A0C91BC942}") = "1918 후위 표기식", "1918 후위 표기식\1918 후위 표기식.vcxproj", "{CFE2305D-D6BC-4C77-BF35-BD4C239D0F17}"
EndProject
Project("{8BC9CEB8-8B4A-11D0-8D11-00A0C91BC942}") = "1935 후위 표기식2", "1935 후위 표기식2\1935 후위 표기식2.vcxproj", "{04668FEB-D138-4546-B4AC-ED1F3D6D3F31}"
EndProject
Project("{8BC9CEB8-8B4A-11D0-8D11-00A0C91BC942}") = "3078 좋은 친구", "3078 좋은 친구\3078 좋은 친구.vcxproj", "{12F98D3F-ACB2-4791-8D6D-77EC973E61AB}"
EndProject
Project("{8BC9CEB8-8B4A-11D0-8D11-00A0C91BC942}") = "2339 석판 자르기", "2339 석판 자르기\2339 석판 자르기.vcxproj", "{43491318-F095-4CCD-B419-9A7908106124}"
EndProject
Project("{8BC9CEB8-8B4A-11D0-8D11-00A0C91BC942}") = "2512 예산", "2512 예산\2512 예산.vcxproj", "{899E9EF5-F8A2-4538-922B-AB86583FC52D}"
EndProject
Project("{8BC9CEB8-8B4A-11D0-8D11-00A0C91BC942}") = "2805 나무 자르기", "2805 나무 자르기\2805 나무 자르기.vcxproj", "{815A5C7D-B927-467F-BEC5-032B258565D4}"
EndProject
Project("{8BC9CEB8-8B4A-11D0-8D11-00A0C91BC942}") = "2343 기타 레슨", "2343 기타 레슨\2343 기타 레슨.vcxproj", "{889D1B67-C81F-4008-A24D-92ABF920F717}"
EndProject
Project("{8BC9CEB8-8B4A-11D0-8D11-00A0C91BC942}") = "6236 용돈 관리", "6236 용돈 관리\6236 용돈 관리.vcxproj", "{4E6DC7F7-FB5E-44C9-B1A4-E6FC4C9FCAC5}"
EndProject
Project("{8BC9CEB8-8B4A-11D0-8D11-00A0C91BC942}") = "1654 랜선 자르기", "1654 랜선 자르기\1654 랜선 자르기.vcxproj", "{A98927BB-74B0-4C6C-91C6-078C241CC59B}"
EndProject
Project("{8BC9CEB8-8B4A-11D0-8D11-00A0C91BC942}") = "2110 공유기 설치", "2110 공유기 설치\2110 공유기 설치.vcxproj", "{66C29D98-375F-4EA9-BDA3-16988805D748}"
EndProject
Project("{8BC9CEB8-8B4A-11D0-8D11-00A0C91BC942}") = "1300 K번째 수", "1300 K번째 수\1300 K번째 수.vcxproj", "{95EC253A-98B6-4E69-BBD9-46B6F76A0641}"
EndProject
Project("{8BC9CEB8-8B4A-11D0-8D11-00A0C91BC942}") = "11049 행렬 곱셈 순서", "11049 행렬 곱셈 순서\11049 행렬 곱셈 순서.vcxproj", "{85CA3229-9402-4744-AD4F-7DF3CA7E8E6D}"
EndProject
Project("{8BC9CEB8-8B4A-11D0-8D11-00A0C91BC942}") = "16434 드래곤 앤 던전", "16434 드래곤 앤 던전\16434 드래곤 앤 던전.vcxproj", "{496C973D-6E42-4971-AFA5-0C17DCB7AA3C}"
EndProject
Project("{8BC9CEB8-8B4A-11D0-8D11-00A0C91BC942}") = "15732 도토리 숨기기", "15732 도토리 숨기기\15732 도토리 숨기기.vcxproj", "{B09C14CA-0C5A-496A-97E2-BA2C32D714E0}"
EndProject
Project("{8BC9CEB8-8B4A-11D0-8D11-00A0C91BC942}") = "1753 최단경로", "1753 최단경로\1753 최단경로.vcxproj", "{C2B4C8E3-B731-4EC8-AA0E-07B84C069C2F}"
EndProject
Project("{8BC9CEB8-8B4A-11D0-8D11-00A0C91BC942}") = "1916 최소비용 구하기", "1916 최소비용 구하기\1916 최소비용 구하기.vcxproj", "{B02B3732-1113-4FFB-9FDB-2187A19E745F}"
EndProject
Project("{8BC9CEB8-8B4A-11D0-8D11-00A0C91BC942}") = "1504 특정한 최단 경로", "1504 특정한 최단 경로\1504 특정한 최단 경로.vcxproj", "{8B60522A-69E4-4C8E-A9F4-A5CBF96C5963}"
EndProject
Project("{8BC9CEB8-8B4A-11D0-8D11-00A0C91BC942}") = "4485 녹색 옷 입은 애가 젤다지", "4485 녹색 옷 입은 애가 젤다지\4485 녹색 옷 입은 애가 젤다지.vcxproj", "{97B116E5-341D-4E65-98E8-BCD9B538BE5D}"
EndProject
Project("{8BC9CEB8-8B4A-11D0-8D11-00A0C91BC942}") = "1238 파티", "1238 파티\1238 파티.vcxproj", "{E9DC5EB9-BEB4-4E7F-8FA4-67070C4B6225}"
EndProject
Project("{8BC9CEB8-8B4A-11D0-8D11-00A0C91BC942}") = "10473 인간 대포", "10473 인간 대포\10473 인간 대포.vcxproj", "{FB9FD091-4E19-4CCC-B5F1-E191F1656EAF}"
EndProject
Project("{8BC9CEB8-8B4A-11D0-8D11-00A0C91BC942}") = "2211 네트워크 복구", "2211 네트워크 복구\2211 네트워크 복구.vcxproj", "{7C8E4E4F-71F5-4A5F-A706-8413AB19811F}"
EndProject
Project("{8BC9CEB8-8B4A-11D0-8D11-00A0C91BC942}") = "16681 등산", "16681 등산\16681 등산.vcxproj", "{8AA311C2-7FE5-4F72-A073-05513F9E04EE}"
EndProject
Project("{8BC9CEB8-8B4A-11D0-8D11-00A0C91BC942}") = "5719 거의 최단 경로", "5719 거의 최단 경로\5719 거의 최단 경로.vcxproj", "{6CEBD157-B303-4865-BB1C-8F8164FFA5C3}"
EndProject
Project("{8BC9CEB8-8B4A-11D0-8D11-00A0C91BC942}") = "15422 Bumped!", "15422 Bumped!\15422 Bumped!.vcxproj", "{164116B0-B5ED-4461-985F-32496AEEF0F8}"
EndProject
Project("{8BC9CEB8-8B4A-11D0-8D11-00A0C91BC942}") = "1162 도로포장", "1162 도로포장\1162 도로포장.vcxproj", "{E0433E5F-1C06-4EA1-BECA-70C338DD1BC9}"
EndProject
Project("{8BC9CEB8-8B4A-11D0-8D11-00A0C91BC942}") = "2407 조합", "2407 조합\2407 조합.vcxproj", "{C7FB0A24-299F-4C7E-AE48-A4B7BC07F299}"
EndProject
Project("{8BC9CEB8-8B4A-11D0-8D11-00A0C91BC942}") = "10448 유레카 이론", "10448 유레카 이론\10448 유레카 이론.vcxproj", "{0F8B822E-0547-4F0B-B318-6E0A6B101D6A}"
EndProject
Global
	GlobalSection(SolutionConfigurationPlatforms) = preSolution
		Debug|x64 = Debug|x64
		Debug|x86 = Debug|x86
		Release|x64 = Release|x64
		Release|x86 = Release|x86
	EndGlobalSection
	GlobalSection(ProjectConfigurationPlatforms) = postSolution
		{B1E081E3-7351-417F-9167-E972FC7161EA}.Debug|x64.ActiveCfg = Debug|x64
		{B1E081E3-7351-417F-9167-E972FC7161EA}.Debug|x64.Build.0 = Debug|x64
		{B1E081E3-7351-417F-9167-E972FC7161EA}.Debug|x86.ActiveCfg = Debug|Win32
		{B1E081E3-7351-417F-9167-E972FC7161EA}.Debug|x86.Build.0 = Debug|Win32
		{B1E081E3-7351-417F-9167-E972FC7161EA}.Release|x64.ActiveCfg = Release|x64
		{B1E081E3-7351-417F-9167-E972FC7161EA}.Release|x64.Build.0 = Release|x64
		{B1E081E3-7351-417F-9167-E972FC7161EA}.Release|x86.ActiveCfg = Release|Win32
		{B1E081E3-7351-417F-9167-E972FC7161EA}.Release|x86.Build.0 = Release|Win32
		{B7DDA6D7-F4C3-4CDE-859E-F0F5F5D2F454}.Debug|x64.ActiveCfg = Debug|x64
		{B7DDA6D7-F4C3-4CDE-859E-F0F5F5D2F454}.Debug|x64.Build.0 = Debug|x64
		{B7DDA6D7-F4C3-4CDE-859E-F0F5F5D2F454}.Debug|x86.ActiveCfg = Debug|Win32
		{B7DDA6D7-F4C3-4CDE-859E-F0F5F5D2F454}.Debug|x86.Build.0 = Debug|Win32
		{B7DDA6D7-F4C3-4CDE-859E-F0F5F5D2F454}.Release|x64.ActiveCfg = Release|x64
		{B7DDA6D7-F4C3-4CDE-859E-F0F5F5D2F454}.Release|x64.Build.0 = Release|x64
		{B7DDA6D7-F4C3-4CDE-859E-F0F5F5D2F454}.Release|x86.ActiveCfg = Release|Win32
		{B7DDA6D7-F4C3-4CDE-859E-F0F5F5D2F454}.Release|x86.Build.0 = Release|Win32
		{A66DA394-F5D0-4B3A-9E78-654A958E57D6}.Debug|x64.ActiveCfg = Debug|x64
		{A66DA394-F5D0-4B3A-9E78-654A958E57D6}.Debug|x64.Build.0 = Debug|x64
		{A66DA394-F5D0-4B3A-9E78-654A958E57D6}.Debug|x86.ActiveCfg = Debug|Win32
		{A66DA394-F5D0-4B3A-9E78-654A958E57D6}.Debug|x86.Build.0 = Debug|Win32
		{A66DA394-F5D0-4B3A-9E78-654A958E57D6}.Release|x64.ActiveCfg = Release|x64
		{A66DA394-F5D0-4B3A-9E78-654A958E57D6}.Release|x64.Build.0 = Release|x64
		{A66DA394-F5D0-4B3A-9E78-654A958E57D6}.Release|x86.ActiveCfg = Release|Win32
		{A66DA394-F5D0-4B3A-9E78-654A958E57D6}.Release|x86.Build.0 = Release|Win32
		{39F72097-E7EB-4CE3-B36B-4E43F6F8C62F}.Debug|x64.ActiveCfg = Debug|x64
		{39F72097-E7EB-4CE3-B36B-4E43F6F8C62F}.Debug|x64.Build.0 = Debug|x64
		{39F72097-E7EB-4CE3-B36B-4E43F6F8C62F}.Debug|x86.ActiveCfg = Debug|Win32
		{39F72097-E7EB-4CE3-B36B-4E43F6F8C62F}.Debug|x86.Build.0 = Debug|Win32
		{39F72097-E7EB-4CE3-B36B-4E43F6F8C62F}.Release|x64.ActiveCfg = Release|x64
		{39F72097-E7EB-4CE3-B36B-4E43F6F8C62F}.Release|x64.Build.0 = Release|x64
		{39F72097-E7EB-4CE3-B36B-4E43F6F8C62F}.Release|x86.ActiveCfg = Release|Win32
		{39F72097-E7EB-4CE3-B36B-4E43F6F8C62F}.Release|x86.Build.0 = Release|Win32
		{94320DA7-D7DE-4239-888F-8D718D2DF54E}.Debug|x64.ActiveCfg = Debug|x64
		{94320DA7-D7DE-4239-888F-8D718D2DF54E}.Debug|x64.Build.0 = Debug|x64
		{94320DA7-D7DE-4239-888F-8D718D2DF54E}.Debug|x86.ActiveCfg = Debug|Win32
		{94320DA7-D7DE-4239-888F-8D718D2DF54E}.Debug|x86.Build.0 = Debug|Win32
		{94320DA7-D7DE-4239-888F-8D718D2DF54E}.Release|x64.ActiveCfg = Release|x64
		{94320DA7-D7DE-4239-888F-8D718D2DF54E}.Release|x64.Build.0 = Release|x64
		{94320DA7-D7DE-4239-888F-8D718D2DF54E}.Release|x86.ActiveCfg = Release|Win32
		{94320DA7-D7DE-4239-888F-8D718D2DF54E}.Release|x86.Build.0 = Release|Win32
		{95454A6F-1D96-49C6-AEE6-C0D158968AD7}.Debug|x64.ActiveCfg = Debug|x64
		{95454A6F-1D96-49C6-AEE6-C0D158968AD7}.Debug|x64.Build.0 = Debug|x64
		{95454A6F-1D96-49C6-AEE6-C0D158968AD7}.Debug|x86.ActiveCfg = Debug|Win32
		{95454A6F-1D96-49C6-AEE6-C0D158968AD7}.Debug|x86.Build.0 = Debug|Win32
		{95454A6F-1D96-49C6-AEE6-C0D158968AD7}.Release|x64.ActiveCfg = Release|x64
		{95454A6F-1D96-49C6-AEE6-C0D158968AD7}.Release|x64.Build.0 = Release|x64
		{95454A6F-1D96-49C6-AEE6-C0D158968AD7}.Release|x86.ActiveCfg = Release|Win32
		{95454A6F-1D96-49C6-AEE6-C0D158968AD7}.Release|x86.Build.0 = Release|Win32
		{32EBAE5E-D337-4963-B134-030B415DA7F1}.Debug|x64.ActiveCfg = Debug|x64
		{32EBAE5E-D337-4963-B134-030B415DA7F1}.Debug|x64.Build.0 = Debug|x64
		{32EBAE5E-D337-4963-B134-030B415DA7F1}.Debug|x86.ActiveCfg = Debug|Win32
		{32EBAE5E-D337-4963-B134-030B415DA7F1}.Debug|x86.Build.0 = Debug|Win32
		{32EBAE5E-D337-4963-B134-030B415DA7F1}.Release|x64.ActiveCfg = Release|x64
		{32EBAE5E-D337-4963-B134-030B415DA7F1}.Release|x64.Build.0 = Release|x64
		{32EBAE5E-D337-4963-B134-030B415DA7F1}.Release|x86.ActiveCfg = Release|Win32
		{32EBAE5E-D337-4963-B134-030B415DA7F1}.Release|x86.Build.0 = Release|Win32
		{B3B4F828-E15F-461A-9810-8047139846DD}.Debug|x64.ActiveCfg = Debug|x64
		{B3B4F828-E15F-461A-9810-8047139846DD}.Debug|x64.Build.0 = Debug|x64
		{B3B4F828-E15F-461A-9810-8047139846DD}.Debug|x86.ActiveCfg = Debug|Win32
		{B3B4F828-E15F-461A-9810-8047139846DD}.Debug|x86.Build.0 = Debug|Win32
		{B3B4F828-E15F-461A-9810-8047139846DD}.Release|x64.ActiveCfg = Release|x64
		{B3B4F828-E15F-461A-9810-8047139846DD}.Release|x64.Build.0 = Release|x64
		{B3B4F828-E15F-461A-9810-8047139846DD}.Release|x86.ActiveCfg = Release|Win32
		{B3B4F828-E15F-461A-9810-8047139846DD}.Release|x86.Build.0 = Release|Win32
		{B702BBD8-8236-4BBE-BD99-B128C3A40837}.Debug|x64.ActiveCfg = Debug|x64
		{B702BBD8-8236-4BBE-BD99-B128C3A40837}.Debug|x64.Build.0 = Debug|x64
		{B702BBD8-8236-4BBE-BD99-B128C3A40837}.Debug|x86.ActiveCfg = Debug|Win32
		{B702BBD8-8236-4BBE-BD99-B128C3A40837}.Debug|x86.Build.0 = Debug|Win32
		{B702BBD8-8236-4BBE-BD99-B128C3A40837}.Release|x64.ActiveCfg = Release|x64
		{B702BBD8-8236-4BBE-BD99-B128C3A40837}.Release|x64.Build.0 = Release|x64
		{B702BBD8-8236-4BBE-BD99-B128C3A40837}.Release|x86.ActiveCfg = Release|Win32
		{B702BBD8-8236-4BBE-BD99-B128C3A40837}.Release|x86.Build.0 = Release|Win32
		{4BE964E5-DE78-49E5-A31A-E9063645E285}.Debug|x64.ActiveCfg = Debug|x64
		{4BE964E5-DE78-49E5-A31A-E9063645E285}.Debug|x64.Build.0 = Debug|x64
		{4BE964E5-DE78-49E5-A31A-E9063645E285}.Debug|x86.ActiveCfg = Debug|Win32
		{4BE964E5-DE78-49E5-A31A-E9063645E285}.Debug|x86.Build.0 = Debug|Win32
		{4BE964E5-DE78-49E5-A31A-E9063645E285}.Release|x64.ActiveCfg = Release|x64
		{4BE964E5-DE78-49E5-A31A-E9063645E285}.Release|x64.Build.0 = Release|x64
		{4BE964E5-DE78-49E5-A31A-E9063645E285}.Release|x86.ActiveCfg = Release|Win32
		{4BE964E5-DE78-49E5-A31A-E9063645E285}.Release|x86.Build.0 = Release|Win32
		{B6C0EC32-40BC-4212-8A66-D6DDFDBA62A1}.Debug|x64.ActiveCfg = Debug|x64
		{B6C0EC32-40BC-4212-8A66-D6DDFDBA62A1}.Debug|x64.Build.0 = Debug|x64
		{B6C0EC32-40BC-4212-8A66-D6DDFDBA62A1}.Debug|x86.ActiveCfg = Debug|Win32
		{B6C0EC32-40BC-4212-8A66-D6DDFDBA62A1}.Debug|x86.Build.0 = Debug|Win32
		{B6C0EC32-40BC-4212-8A66-D6DDFDBA62A1}.Release|x64.ActiveCfg = Release|x64
		{B6C0EC32-40BC-4212-8A66-D6DDFDBA62A1}.Release|x64.Build.0 = Release|x64
		{B6C0EC32-40BC-4212-8A66-D6DDFDBA62A1}.Release|x86.ActiveCfg = Release|Win32
		{B6C0EC32-40BC-4212-8A66-D6DDFDBA62A1}.Release|x86.Build.0 = Release|Win32
		{1ECCB88B-7355-4BFB-9F4B-E830D10164D2}.Debug|x64.ActiveCfg = Debug|x64
		{1ECCB88B-7355-4BFB-9F4B-E830D10164D2}.Debug|x64.Build.0 = Debug|x64
		{1ECCB88B-7355-4BFB-9F4B-E830D10164D2}.Debug|x86.ActiveCfg = Debug|Win32
		{1ECCB88B-7355-4BFB-9F4B-E830D10164D2}.Debug|x86.Build.0 = Debug|Win32
		{1ECCB88B-7355-4BFB-9F4B-E830D10164D2}.Release|x64.ActiveCfg = Release|x64
		{1ECCB88B-7355-4BFB-9F4B-E830D10164D2}.Release|x64.Build.0 = Release|x64
		{1ECCB88B-7355-4BFB-9F4B-E830D10164D2}.Release|x86.ActiveCfg = Release|Win32
		{1ECCB88B-7355-4BFB-9F4B-E830D10164D2}.Release|x86.Build.0 = Release|Win32
		{E2FDB708-B3A9-4F41-B13C-470FFDD856DC}.Debug|x64.ActiveCfg = Debug|x64
		{E2FDB708-B3A9-4F41-B13C-470FFDD856DC}.Debug|x64.Build.0 = Debug|x64
		{E2FDB708-B3A9-4F41-B13C-470FFDD856DC}.Debug|x86.ActiveCfg = Debug|Win32
		{E2FDB708-B3A9-4F41-B13C-470FFDD856DC}.Debug|x86.Build.0 = Debug|Win32
		{E2FDB708-B3A9-4F41-B13C-470FFDD856DC}.Release|x64.ActiveCfg = Release|x64
		{E2FDB708-B3A9-4F41-B13C-470FFDD856DC}.Release|x64.Build.0 = Release|x64
		{E2FDB708-B3A9-4F41-B13C-470FFDD856DC}.Release|x86.ActiveCfg = Release|Win32
		{E2FDB708-B3A9-4F41-B13C-470FFDD856DC}.Release|x86.Build.0 = Release|Win32
		{3A3DDDAD-C621-4FE0-A62F-509B083B7363}.Debug|x64.ActiveCfg = Debug|x64
		{3A3DDDAD-C621-4FE0-A62F-509B083B7363}.Debug|x64.Build.0 = Debug|x64
		{3A3DDDAD-C621-4FE0-A62F-509B083B7363}.Debug|x86.ActiveCfg = Debug|Win32
		{3A3DDDAD-C621-4FE0-A62F-509B083B7363}.Debug|x86.Build.0 = Debug|Win32
		{3A3DDDAD-C621-4FE0-A62F-509B083B7363}.Release|x64.ActiveCfg = Release|x64
		{3A3DDDAD-C621-4FE0-A62F-509B083B7363}.Release|x64.Build.0 = Release|x64
		{3A3DDDAD-C621-4FE0-A62F-509B083B7363}.Release|x86.ActiveCfg = Release|Win32
		{3A3DDDAD-C621-4FE0-A62F-509B083B7363}.Release|x86.Build.0 = Release|Win32
		{7883E282-FF68-46A7-B209-094F45254A11}.Debug|x64.ActiveCfg = Debug|x64
		{7883E282-FF68-46A7-B209-094F45254A11}.Debug|x64.Build.0 = Debug|x64
		{7883E282-FF68-46A7-B209-094F45254A11}.Debug|x86.ActiveCfg = Debug|Win32
		{7883E282-FF68-46A7-B209-094F45254A11}.Debug|x86.Build.0 = Debug|Win32
		{7883E282-FF68-46A7-B209-094F45254A11}.Release|x64.ActiveCfg = Release|x64
		{7883E282-FF68-46A7-B209-094F45254A11}.Release|x64.Build.0 = Release|x64
		{7883E282-FF68-46A7-B209-094F45254A11}.Release|x86.ActiveCfg = Release|Win32
		{7883E282-FF68-46A7-B209-094F45254A11}.Release|x86.Build.0 = Release|Win32
		{D7B9C95C-9697-4E20-8584-F830752FDD8B}.Debug|x64.ActiveCfg = Debug|x64
		{D7B9C95C-9697-4E20-8584-F830752FDD8B}.Debug|x64.Build.0 = Debug|x64
		{D7B9C95C-9697-4E20-8584-F830752FDD8B}.Debug|x86.ActiveCfg = Debug|Win32
		{D7B9C95C-9697-4E20-8584-F830752FDD8B}.Debug|x86.Build.0 = Debug|Win32
		{D7B9C95C-9697-4E20-8584-F830752FDD8B}.Release|x64.ActiveCfg = Release|x64
		{D7B9C95C-9697-4E20-8584-F830752FDD8B}.Release|x64.Build.0 = Release|x64
		{D7B9C95C-9697-4E20-8584-F830752FDD8B}.Release|x86.ActiveCfg = Release|Win32
		{D7B9C95C-9697-4E20-8584-F830752FDD8B}.Release|x86.Build.0 = Release|Win32
		{2A5E05F8-CD9B-4AAC-AE78-9F6F9DFF5A22}.Debug|x64.ActiveCfg = Debug|x64
		{2A5E05F8-CD9B-4AAC-AE78-9F6F9DFF5A22}.Debug|x64.Build.0 = Debug|x64
		{2A5E05F8-CD9B-4AAC-AE78-9F6F9DFF5A22}.Debug|x86.ActiveCfg = Debug|Win32
		{2A5E05F8-CD9B-4AAC-AE78-9F6F9DFF5A22}.Debug|x86.Build.0 = Debug|Win32
		{2A5E05F8-CD9B-4AAC-AE78-9F6F9DFF5A22}.Release|x64.ActiveCfg = Release|x64
		{2A5E05F8-CD9B-4AAC-AE78-9F6F9DFF5A22}.Release|x64.Build.0 = Release|x64
		{2A5E05F8-CD9B-4AAC-AE78-9F6F9DFF5A22}.Release|x86.ActiveCfg = Release|Win32
		{2A5E05F8-CD9B-4AAC-AE78-9F6F9DFF5A22}.Release|x86.Build.0 = Release|Win32
		{0391BE98-D3C8-4BFE-95FA-87AF9102BF39}.Debug|x64.ActiveCfg = Debug|x64
		{0391BE98-D3C8-4BFE-95FA-87AF9102BF39}.Debug|x64.Build.0 = Debug|x64
		{0391BE98-D3C8-4BFE-95FA-87AF9102BF39}.Debug|x86.ActiveCfg = Debug|Win32
		{0391BE98-D3C8-4BFE-95FA-87AF9102BF39}.Debug|x86.Build.0 = Debug|Win32
		{0391BE98-D3C8-4BFE-95FA-87AF9102BF39}.Release|x64.ActiveCfg = Release|x64
		{0391BE98-D3C8-4BFE-95FA-87AF9102BF39}.Release|x64.Build.0 = Release|x64
		{0391BE98-D3C8-4BFE-95FA-87AF9102BF39}.Release|x86.ActiveCfg = Release|Win32
		{0391BE98-D3C8-4BFE-95FA-87AF9102BF39}.Release|x86.Build.0 = Release|Win32
		{8B2E08AB-6678-497F-8F40-A351789E3F08}.Debug|x64.ActiveCfg = Debug|x64
		{8B2E08AB-6678-497F-8F40-A351789E3F08}.Debug|x64.Build.0 = Debug|x64
		{8B2E08AB-6678-497F-8F40-A351789E3F08}.Debug|x86.ActiveCfg = Debug|Win32
		{8B2E08AB-6678-497F-8F40-A351789E3F08}.Debug|x86.Build.0 = Debug|Win32
		{8B2E08AB-6678-497F-8F40-A351789E3F08}.Release|x64.ActiveCfg = Release|x64
		{8B2E08AB-6678-497F-8F40-A351789E3F08}.Release|x64.Build.0 = Release|x64
		{8B2E08AB-6678-497F-8F40-A351789E3F08}.Release|x86.ActiveCfg = Release|Win32
		{8B2E08AB-6678-497F-8F40-A351789E3F08}.Release|x86.Build.0 = Release|Win32
		{FF10886B-D2AB-4DE0-B358-64D146C0B303}.Debug|x64.ActiveCfg = Debug|x64
		{FF10886B-D2AB-4DE0-B358-64D146C0B303}.Debug|x64.Build.0 = Debug|x64
		{FF10886B-D2AB-4DE0-B358-64D146C0B303}.Debug|x86.ActiveCfg = Debug|Win32
		{FF10886B-D2AB-4DE0-B358-64D146C0B303}.Debug|x86.Build.0 = Debug|Win32
		{FF10886B-D2AB-4DE0-B358-64D146C0B303}.Release|x64.ActiveCfg = Release|x64
		{FF10886B-D2AB-4DE0-B358-64D146C0B303}.Release|x64.Build.0 = Release|x64
		{FF10886B-D2AB-4DE0-B358-64D146C0B303}.Release|x86.ActiveCfg = Release|Win32
		{FF10886B-D2AB-4DE0-B358-64D146C0B303}.Release|x86.Build.0 = Release|Win32
		{6C27EF7C-EFE4-48D2-A588-282BCB5F119F}.Debug|x64.ActiveCfg = Debug|x64
		{6C27EF7C-EFE4-48D2-A588-282BCB5F119F}.Debug|x64.Build.0 = Debug|x64
		{6C27EF7C-EFE4-48D2-A588-282BCB5F119F}.Debug|x86.ActiveCfg = Debug|Win32
		{6C27EF7C-EFE4-48D2-A588-282BCB5F119F}.Debug|x86.Build.0 = Debug|Win32
		{6C27EF7C-EFE4-48D2-A588-282BCB5F119F}.Release|x64.ActiveCfg = Release|x64
		{6C27EF7C-EFE4-48D2-A588-282BCB5F119F}.Release|x64.Build.0 = Release|x64
		{6C27EF7C-EFE4-48D2-A588-282BCB5F119F}.Release|x86.ActiveCfg = Release|Win32
		{6C27EF7C-EFE4-48D2-A588-282BCB5F119F}.Release|x86.Build.0 = Release|Win32
		{EE62A85F-D81C-4A89-8AE3-A3509017F795}.Debug|x64.ActiveCfg = Debug|x64
		{EE62A85F-D81C-4A89-8AE3-A3509017F795}.Debug|x64.Build.0 = Debug|x64
		{EE62A85F-D81C-4A89-8AE3-A3509017F795}.Debug|x86.ActiveCfg = Debug|Win32
		{EE62A85F-D81C-4A89-8AE3-A3509017F795}.Debug|x86.Build.0 = Debug|Win32
		{EE62A85F-D81C-4A89-8AE3-A3509017F795}.Release|x64.ActiveCfg = Release|x64
		{EE62A85F-D81C-4A89-8AE3-A3509017F795}.Release|x64.Build.0 = Release|x64
		{EE62A85F-D81C-4A89-8AE3-A3509017F795}.Release|x86.ActiveCfg = Release|Win32
		{EE62A85F-D81C-4A89-8AE3-A3509017F795}.Release|x86.Build.0 = Release|Win32
		{DE1FA19F-4EFA-47D8-AD38-25AFE7665D82}.Debug|x64.ActiveCfg = Debug|x64
		{DE1FA19F-4EFA-47D8-AD38-25AFE7665D82}.Debug|x64.Build.0 = Debug|x64
		{DE1FA19F-4EFA-47D8-AD38-25AFE7665D82}.Debug|x86.ActiveCfg = Debug|Win32
		{DE1FA19F-4EFA-47D8-AD38-25AFE7665D82}.Debug|x86.Build.0 = Debug|Win32
		{DE1FA19F-4EFA-47D8-AD38-25AFE7665D82}.Release|x64.ActiveCfg = Release|x64
		{DE1FA19F-4EFA-47D8-AD38-25AFE7665D82}.Release|x64.Build.0 = Release|x64
		{DE1FA19F-4EFA-47D8-AD38-25AFE7665D82}.Release|x86.ActiveCfg = Release|Win32
		{DE1FA19F-4EFA-47D8-AD38-25AFE7665D82}.Release|x86.Build.0 = Release|Win32
		{006F6A0A-C92B-4AB3-A009-E4746BEFCB08}.Debug|x64.ActiveCfg = Debug|x64
		{006F6A0A-C92B-4AB3-A009-E4746BEFCB08}.Debug|x64.Build.0 = Debug|x64
		{006F6A0A-C92B-4AB3-A009-E4746BEFCB08}.Debug|x86.ActiveCfg = Debug|Win32
		{006F6A0A-C92B-4AB3-A009-E4746BEFCB08}.Debug|x86.Build.0 = Debug|Win32
		{006F6A0A-C92B-4AB3-A009-E4746BEFCB08}.Release|x64.ActiveCfg = Release|x64
		{006F6A0A-C92B-4AB3-A009-E4746BEFCB08}.Release|x64.Build.0 = Release|x64
		{006F6A0A-C92B-4AB3-A009-E4746BEFCB08}.Release|x86.ActiveCfg = Release|Win32
		{006F6A0A-C92B-4AB3-A009-E4746BEFCB08}.Release|x86.Build.0 = Release|Win32
		{78D415A8-9E08-44C3-BAC2-EA49CD7C2D77}.Debug|x64.ActiveCfg = Debug|x64
		{78D415A8-9E08-44C3-BAC2-EA49CD7C2D77}.Debug|x64.Build.0 = Debug|x64
		{78D415A8-9E08-44C3-BAC2-EA49CD7C2D77}.Debug|x86.ActiveCfg = Debug|Win32
		{78D415A8-9E08-44C3-BAC2-EA49CD7C2D77}.Debug|x86.Build.0 = Debug|Win32
		{78D415A8-9E08-44C3-BAC2-EA49CD7C2D77}.Release|x64.ActiveCfg = Release|x64
		{78D415A8-9E08-44C3-BAC2-EA49CD7C2D77}.Release|x64.Build.0 = Release|x64
		{78D415A8-9E08-44C3-BAC2-EA49CD7C2D77}.Release|x86.ActiveCfg = Release|Win32
		{78D415A8-9E08-44C3-BAC2-EA49CD7C2D77}.Release|x86.Build.0 = Release|Win32
		{861BC316-99B5-4E7F-81FA-0A2ABD9A102E}.Debug|x64.ActiveCfg = Debug|x64
		{861BC316-99B5-4E7F-81FA-0A2ABD9A102E}.Debug|x64.Build.0 = Debug|x64
		{861BC316-99B5-4E7F-81FA-0A2ABD9A102E}.Debug|x86.ActiveCfg = Debug|Win32
		{861BC316-99B5-4E7F-81FA-0A2ABD9A102E}.Debug|x86.Build.0 = Debug|Win32
		{861BC316-99B5-4E7F-81FA-0A2ABD9A102E}.Release|x64.ActiveCfg = Release|x64
		{861BC316-99B5-4E7F-81FA-0A2ABD9A102E}.Release|x64.Build.0 = Release|x64
		{861BC316-99B5-4E7F-81FA-0A2ABD9A102E}.Release|x86.ActiveCfg = Release|Win32
		{861BC316-99B5-4E7F-81FA-0A2ABD9A102E}.Release|x86.Build.0 = Release|Win32
		{568A4125-0E9A-4CED-9D87-48C7AA09B411}.Debug|x64.ActiveCfg = Debug|x64
		{568A4125-0E9A-4CED-9D87-48C7AA09B411}.Debug|x64.Build.0 = Debug|x64
		{568A4125-0E9A-4CED-9D87-48C7AA09B411}.Debug|x86.ActiveCfg = Debug|Win32
		{568A4125-0E9A-4CED-9D87-48C7AA09B411}.Debug|x86.Build.0 = Debug|Win32
		{568A4125-0E9A-4CED-9D87-48C7AA09B411}.Release|x64.ActiveCfg = Release|x64
		{568A4125-0E9A-4CED-9D87-48C7AA09B411}.Release|x64.Build.0 = Release|x64
		{568A4125-0E9A-4CED-9D87-48C7AA09B411}.Release|x86.ActiveCfg = Release|Win32
		{568A4125-0E9A-4CED-9D87-48C7AA09B411}.Release|x86.Build.0 = Release|Win32
		{804B9CD0-EF46-49C4-ADA9-8F7E24E462F5}.Debug|x64.ActiveCfg = Debug|x64
		{804B9CD0-EF46-49C4-ADA9-8F7E24E462F5}.Debug|x64.Build.0 = Debug|x64
		{804B9CD0-EF46-49C4-ADA9-8F7E24E462F5}.Debug|x86.ActiveCfg = Debug|Win32
		{804B9CD0-EF46-49C4-ADA9-8F7E24E462F5}.Debug|x86.Build.0 = Debug|Win32
		{804B9CD0-EF46-49C4-ADA9-8F7E24E462F5}.Release|x64.ActiveCfg = Release|x64
		{804B9CD0-EF46-49C4-ADA9-8F7E24E462F5}.Release|x64.Build.0 = Release|x64
		{804B9CD0-EF46-49C4-ADA9-8F7E24E462F5}.Release|x86.ActiveCfg = Release|Win32
		{804B9CD0-EF46-49C4-ADA9-8F7E24E462F5}.Release|x86.Build.0 = Release|Win32
		{A0C29364-05D1-4C0F-A25B-16010F51CDA2}.Debug|x64.ActiveCfg = Debug|x64
		{A0C29364-05D1-4C0F-A25B-16010F51CDA2}.Debug|x64.Build.0 = Debug|x64
		{A0C29364-05D1-4C0F-A25B-16010F51CDA2}.Debug|x86.ActiveCfg = Debug|Win32
		{A0C29364-05D1-4C0F-A25B-16010F51CDA2}.Debug|x86.Build.0 = Debug|Win32
		{A0C29364-05D1-4C0F-A25B-16010F51CDA2}.Release|x64.ActiveCfg = Release|x64
		{A0C29364-05D1-4C0F-A25B-16010F51CDA2}.Release|x64.Build.0 = Release|x64
		{A0C29364-05D1-4C0F-A25B-16010F51CDA2}.Release|x86.ActiveCfg = Release|Win32
		{A0C29364-05D1-4C0F-A25B-16010F51CDA2}.Release|x86.Build.0 = Release|Win32
		{DFE71FBD-1AB3-4713-9F2F-B422D846626E}.Debug|x64.ActiveCfg = Debug|x64
		{DFE71FBD-1AB3-4713-9F2F-B422D846626E}.Debug|x64.Build.0 = Debug|x64
		{DFE71FBD-1AB3-4713-9F2F-B422D846626E}.Debug|x86.ActiveCfg = Debug|Win32
		{DFE71FBD-1AB3-4713-9F2F-B422D846626E}.Debug|x86.Build.0 = Debug|Win32
		{DFE71FBD-1AB3-4713-9F2F-B422D846626E}.Release|x64.ActiveCfg = Release|x64
		{DFE71FBD-1AB3-4713-9F2F-B422D846626E}.Release|x64.Build.0 = Release|x64
		{DFE71FBD-1AB3-4713-9F2F-B422D846626E}.Release|x86.ActiveCfg = Release|Win32
		{DFE71FBD-1AB3-4713-9F2F-B422D846626E}.Release|x86.Build.0 = Release|Win32
		{BF2A0DA2-E5DA-45DB-8971-EB8E5929C5D4}.Debug|x64.ActiveCfg = Debug|x64
		{BF2A0DA2-E5DA-45DB-8971-EB8E5929C5D4}.Debug|x64.Build.0 = Debug|x64
		{BF2A0DA2-E5DA-45DB-8971-EB8E5929C5D4}.Debug|x86.ActiveCfg = Debug|Win32
		{BF2A0DA2-E5DA-45DB-8971-EB8E5929C5D4}.Debug|x86.Build.0 = Debug|Win32
		{BF2A0DA2-E5DA-45DB-8971-EB8E5929C5D4}.Release|x64.ActiveCfg = Release|x64
		{BF2A0DA2-E5DA-45DB-8971-EB8E5929C5D4}.Release|x64.Build.0 = Release|x64
		{BF2A0DA2-E5DA-45DB-8971-EB8E5929C5D4}.Release|x86.ActiveCfg = Release|Win32
		{BF2A0DA2-E5DA-45DB-8971-EB8E5929C5D4}.Release|x86.Build.0 = Release|Win32
		{1683A36C-0268-476E-988F-7D15CC725633}.Debug|x64.ActiveCfg = Debug|x64
		{1683A36C-0268-476E-988F-7D15CC725633}.Debug|x64.Build.0 = Debug|x64
		{1683A36C-0268-476E-988F-7D15CC725633}.Debug|x86.ActiveCfg = Debug|Win32
		{1683A36C-0268-476E-988F-7D15CC725633}.Debug|x86.Build.0 = Debug|Win32
		{1683A36C-0268-476E-988F-7D15CC725633}.Release|x64.ActiveCfg = Release|x64
		{1683A36C-0268-476E-988F-7D15CC725633}.Release|x64.Build.0 = Release|x64
		{1683A36C-0268-476E-988F-7D15CC725633}.Release|x86.ActiveCfg = Release|Win32
		{1683A36C-0268-476E-988F-7D15CC725633}.Release|x86.Build.0 = Release|Win32
		{EF3D0467-82C2-4A5C-A728-821E51BE756D}.Debug|x64.ActiveCfg = Debug|x64
		{EF3D0467-82C2-4A5C-A728-821E51BE756D}.Debug|x64.Build.0 = Debug|x64
		{EF3D0467-82C2-4A5C-A728-821E51BE756D}.Debug|x86.ActiveCfg = Debug|Win32
		{EF3D0467-82C2-4A5C-A728-821E51BE756D}.Debug|x86.Build.0 = Debug|Win32
		{EF3D0467-82C2-4A5C-A728-821E51BE756D}.Release|x64.ActiveCfg = Release|x64
		{EF3D0467-82C2-4A5C-A728-821E51BE756D}.Release|x64.Build.0 = Release|x64
		{EF3D0467-82C2-4A5C-A728-821E51BE756D}.Release|x86.ActiveCfg = Release|Win32
		{EF3D0467-82C2-4A5C-A728-821E51BE756D}.Release|x86.Build.0 = Release|Win32
		{3EFF4091-28EA-4122-909D-F1F5079570C0}.Debug|x64.ActiveCfg = Debug|x64
		{3EFF4091-28EA-4122-909D-F1F5079570C0}.Debug|x64.Build.0 = Debug|x64
		{3EFF4091-28EA-4122-909D-F1F5079570C0}.Debug|x86.ActiveCfg = Debug|Win32
		{3EFF4091-28EA-4122-909D-F1F5079570C0}.Debug|x86.Build.0 = Debug|Win32
		{3EFF4091-28EA-4122-909D-F1F5079570C0}.Release|x64.ActiveCfg = Release|x64
		{3EFF4091-28EA-4122-909D-F1F5079570C0}.Release|x64.Build.0 = Release|x64
		{3EFF4091-28EA-4122-909D-F1F5079570C0}.Release|x86.ActiveCfg = Release|Win32
		{3EFF4091-28EA-4122-909D-F1F5079570C0}.Release|x86.Build.0 = Release|Win32
		{36EC702E-52D1-4055-BE8E-1C974E254367}.Debug|x64.ActiveCfg = Debug|x64
		{36EC702E-52D1-4055-BE8E-1C974E254367}.Debug|x64.Build.0 = Debug|x64
		{36EC702E-52D1-4055-BE8E-1C974E254367}.Debug|x86.ActiveCfg = Debug|Win32
		{36EC702E-52D1-4055-BE8E-1C974E254367}.Debug|x86.Build.0 = Debug|Win32
		{36EC702E-52D1-4055-BE8E-1C974E254367}.Release|x64.ActiveCfg = Release|x64
		{36EC702E-52D1-4055-BE8E-1C974E254367}.Release|x64.Build.0 = Release|x64
		{36EC702E-52D1-4055-BE8E-1C974E254367}.Release|x86.ActiveCfg = Release|Win32
		{36EC702E-52D1-4055-BE8E-1C974E254367}.Release|x86.Build.0 = Release|Win32
		{384B960B-DD27-4752-B992-D4131B3C6C44}.Debug|x64.ActiveCfg = Debug|x64
		{384B960B-DD27-4752-B992-D4131B3C6C44}.Debug|x64.Build.0 = Debug|x64
		{384B960B-DD27-4752-B992-D4131B3C6C44}.Debug|x86.ActiveCfg = Debug|Win32
		{384B960B-DD27-4752-B992-D4131B3C6C44}.Debug|x86.Build.0 = Debug|Win32
		{384B960B-DD27-4752-B992-D4131B3C6C44}.Release|x64.ActiveCfg = Release|x64
		{384B960B-DD27-4752-B992-D4131B3C6C44}.Release|x64.Build.0 = Release|x64
		{384B960B-DD27-4752-B992-D4131B3C6C44}.Release|x86.ActiveCfg = Release|Win32
		{384B960B-DD27-4752-B992-D4131B3C6C44}.Release|x86.Build.0 = Release|Win32
		{381480C6-DC23-4C0B-BE96-169C987927CB}.Debug|x64.ActiveCfg = Debug|x64
		{381480C6-DC23-4C0B-BE96-169C987927CB}.Debug|x64.Build.0 = Debug|x64
		{381480C6-DC23-4C0B-BE96-169C987927CB}.Debug|x86.ActiveCfg = Debug|Win32
		{381480C6-DC23-4C0B-BE96-169C987927CB}.Debug|x86.Build.0 = Debug|Win32
		{381480C6-DC23-4C0B-BE96-169C987927CB}.Release|x64.ActiveCfg = Release|x64
		{381480C6-DC23-4C0B-BE96-169C987927CB}.Release|x64.Build.0 = Release|x64
		{381480C6-DC23-4C0B-BE96-169C987927CB}.Release|x86.ActiveCfg = Release|Win32
		{381480C6-DC23-4C0B-BE96-169C987927CB}.Release|x86.Build.0 = Release|Win32
		{1EBC84BD-B770-4CA5-AD51-C3CA943CBD4E}.Debug|x64.ActiveCfg = Debug|x64
		{1EBC84BD-B770-4CA5-AD51-C3CA943CBD4E}.Debug|x64.Build.0 = Debug|x64
		{1EBC84BD-B770-4CA5-AD51-C3CA943CBD4E}.Debug|x86.ActiveCfg = Debug|Win32
		{1EBC84BD-B770-4CA5-AD51-C3CA943CBD4E}.Debug|x86.Build.0 = Debug|Win32
		{1EBC84BD-B770-4CA5-AD51-C3CA943CBD4E}.Release|x64.ActiveCfg = Release|x64
		{1EBC84BD-B770-4CA5-AD51-C3CA943CBD4E}.Release|x64.Build.0 = Release|x64
		{1EBC84BD-B770-4CA5-AD51-C3CA943CBD4E}.Release|x86.ActiveCfg = Release|Win32
		{1EBC84BD-B770-4CA5-AD51-C3CA943CBD4E}.Release|x86.Build.0 = Release|Win32
		{183581A7-0B40-4122-9701-74C67A0295B2}.Debug|x64.ActiveCfg = Debug|x64
		{183581A7-0B40-4122-9701-74C67A0295B2}.Debug|x64.Build.0 = Debug|x64
		{183581A7-0B40-4122-9701-74C67A0295B2}.Debug|x86.ActiveCfg = Debug|Win32
		{183581A7-0B40-4122-9701-74C67A0295B2}.Debug|x86.Build.0 = Debug|Win32
		{183581A7-0B40-4122-9701-74C67A0295B2}.Release|x64.ActiveCfg = Release|x64
		{183581A7-0B40-4122-9701-74C67A0295B2}.Release|x64.Build.0 = Release|x64
		{183581A7-0B40-4122-9701-74C67A0295B2}.Release|x86.ActiveCfg = Release|Win32
		{183581A7-0B40-4122-9701-74C67A0295B2}.Release|x86.Build.0 = Release|Win32
		{CFE2305D-D6BC-4C77-BF35-BD4C239D0F17}.Debug|x64.ActiveCfg = Debug|x64
		{CFE2305D-D6BC-4C77-BF35-BD4C239D0F17}.Debug|x64.Build.0 = Debug|x64
		{CFE2305D-D6BC-4C77-BF35-BD4C239D0F17}.Debug|x86.ActiveCfg = Debug|Win32
		{CFE2305D-D6BC-4C77-BF35-BD4C239D0F17}.Debug|x86.Build.0 = Debug|Win32
		{CFE2305D-D6BC-4C77-BF35-BD4C239D0F17}.Release|x64.ActiveCfg = Release|x64
		{CFE2305D-D6BC-4C77-BF35-BD4C239D0F17}.Release|x64.Build.0 = Release|x64
		{CFE2305D-D6BC-4C77-BF35-BD4C239D0F17}.Release|x86.ActiveCfg = Release|Win32
		{CFE2305D-D6BC-4C77-BF35-BD4C239D0F17}.Release|x86.Build.0 = Release|Win32
		{04668FEB-D138-4546-B4AC-ED1F3D6D3F31}.Debug|x64.ActiveCfg = Debug|x64
		{04668FEB-D138-4546-B4AC-ED1F3D6D3F31}.Debug|x64.Build.0 = Debug|x64
		{04668FEB-D138-4546-B4AC-ED1F3D6D3F31}.Debug|x86.ActiveCfg = Debug|Win32
		{04668FEB-D138-4546-B4AC-ED1F3D6D3F31}.Debug|x86.Build.0 = Debug|Win32
		{04668FEB-D138-4546-B4AC-ED1F3D6D3F31}.Release|x64.ActiveCfg = Release|x64
		{04668FEB-D138-4546-B4AC-ED1F3D6D3F31}.Release|x64.Build.0 = Release|x64
		{04668FEB-D138-4546-B4AC-ED1F3D6D3F31}.Release|x86.ActiveCfg = Release|Win32
		{04668FEB-D138-4546-B4AC-ED1F3D6D3F31}.Release|x86.Build.0 = Release|Win32
		{12F98D3F-ACB2-4791-8D6D-77EC973E61AB}.Debug|x64.ActiveCfg = Debug|x64
		{12F98D3F-ACB2-4791-8D6D-77EC973E61AB}.Debug|x64.Build.0 = Debug|x64
		{12F98D3F-ACB2-4791-8D6D-77EC973E61AB}.Debug|x86.ActiveCfg = Debug|Win32
		{12F98D3F-ACB2-4791-8D6D-77EC973E61AB}.Debug|x86.Build.0 = Debug|Win32
		{12F98D3F-ACB2-4791-8D6D-77EC973E61AB}.Release|x64.ActiveCfg = Release|x64
		{12F98D3F-ACB2-4791-8D6D-77EC973E61AB}.Release|x64.Build.0 = Release|x64
		{12F98D3F-ACB2-4791-8D6D-77EC973E61AB}.Release|x86.ActiveCfg = Release|Win32
		{12F98D3F-ACB2-4791-8D6D-77EC973E61AB}.Release|x86.Build.0 = Release|Win32
		{43491318-F095-4CCD-B419-9A7908106124}.Debug|x64.ActiveCfg = Debug|x64
		{43491318-F095-4CCD-B419-9A7908106124}.Debug|x64.Build.0 = Debug|x64
		{43491318-F095-4CCD-B419-9A7908106124}.Debug|x86.ActiveCfg = Debug|Win32
		{43491318-F095-4CCD-B419-9A7908106124}.Debug|x86.Build.0 = Debug|Win32
		{43491318-F095-4CCD-B419-9A7908106124}.Release|x64.ActiveCfg = Release|x64
		{43491318-F095-4CCD-B419-9A7908106124}.Release|x64.Build.0 = Release|x64
		{43491318-F095-4CCD-B419-9A7908106124}.Release|x86.ActiveCfg = Release|Win32
		{43491318-F095-4CCD-B419-9A7908106124}.Release|x86.Build.0 = Release|Win32
		{899E9EF5-F8A2-4538-922B-AB86583FC52D}.Debug|x64.ActiveCfg = Debug|x64
		{899E9EF5-F8A2-4538-922B-AB86583FC52D}.Debug|x64.Build.0 = Debug|x64
		{899E9EF5-F8A2-4538-922B-AB86583FC52D}.Debug|x86.ActiveCfg = Debug|Win32
		{899E9EF5-F8A2-4538-922B-AB86583FC52D}.Debug|x86.Build.0 = Debug|Win32
		{899E9EF5-F8A2-4538-922B-AB86583FC52D}.Release|x64.ActiveCfg = Release|x64
		{899E9EF5-F8A2-4538-922B-AB86583FC52D}.Release|x64.Build.0 = Release|x64
		{899E9EF5-F8A2-4538-922B-AB86583FC52D}.Release|x86.ActiveCfg = Release|Win32
		{899E9EF5-F8A2-4538-922B-AB86583FC52D}.Release|x86.Build.0 = Release|Win32
		{815A5C7D-B927-467F-BEC5-032B258565D4}.Debug|x64.ActiveCfg = Debug|x64
		{815A5C7D-B927-467F-BEC5-032B258565D4}.Debug|x64.Build.0 = Debug|x64
		{815A5C7D-B927-467F-BEC5-032B258565D4}.Debug|x86.ActiveCfg = Debug|Win32
		{815A5C7D-B927-467F-BEC5-032B258565D4}.Debug|x86.Build.0 = Debug|Win32
		{815A5C7D-B927-467F-BEC5-032B258565D4}.Release|x64.ActiveCfg = Release|x64
		{815A5C7D-B927-467F-BEC5-032B258565D4}.Release|x64.Build.0 = Release|x64
		{815A5C7D-B927-467F-BEC5-032B258565D4}.Release|x86.ActiveCfg = Release|Win32
		{815A5C7D-B927-467F-BEC5-032B258565D4}.Release|x86.Build.0 = Release|Win32
		{889D1B67-C81F-4008-A24D-92ABF920F717}.Debug|x64.ActiveCfg = Debug|x64
		{889D1B67-C81F-4008-A24D-92ABF920F717}.Debug|x64.Build.0 = Debug|x64
		{889D1B67-C81F-4008-A24D-92ABF920F717}.Debug|x86.ActiveCfg = Debug|Win32
		{889D1B67-C81F-4008-A24D-92ABF920F717}.Debug|x86.Build.0 = Debug|Win32
		{889D1B67-C81F-4008-A24D-92ABF920F717}.Release|x64.ActiveCfg = Release|x64
		{889D1B67-C81F-4008-A24D-92ABF920F717}.Release|x64.Build.0 = Release|x64
		{889D1B67-C81F-4008-A24D-92ABF920F717}.Release|x86.ActiveCfg = Release|Win32
		{889D1B67-C81F-4008-A24D-92ABF920F717}.Release|x86.Build.0 = Release|Win32
		{4E6DC7F7-FB5E-44C9-B1A4-E6FC4C9FCAC5}.Debug|x64.ActiveCfg = Debug|x64
		{4E6DC7F7-FB5E-44C9-B1A4-E6FC4C9FCAC5}.Debug|x64.Build.0 = Debug|x64
		{4E6DC7F7-FB5E-44C9-B1A4-E6FC4C9FCAC5}.Debug|x86.ActiveCfg = Debug|Win32
		{4E6DC7F7-FB5E-44C9-B1A4-E6FC4C9FCAC5}.Debug|x86.Build.0 = Debug|Win32
		{4E6DC7F7-FB5E-44C9-B1A4-E6FC4C9FCAC5}.Release|x64.ActiveCfg = Release|x64
		{4E6DC7F7-FB5E-44C9-B1A4-E6FC4C9FCAC5}.Release|x64.Build.0 = Release|x64
		{4E6DC7F7-FB5E-44C9-B1A4-E6FC4C9FCAC5}.Release|x86.ActiveCfg = Release|Win32
		{4E6DC7F7-FB5E-44C9-B1A4-E6FC4C9FCAC5}.Release|x86.Build.0 = Release|Win32
		{A98927BB-74B0-4C6C-91C6-078C241CC59B}.Debug|x64.ActiveCfg = Debug|x64
		{A98927BB-74B0-4C6C-91C6-078C241CC59B}.Debug|x64.Build.0 = Debug|x64
		{A98927BB-74B0-4C6C-91C6-078C241CC59B}.Debug|x86.ActiveCfg = Debug|Win32
		{A98927BB-74B0-4C6C-91C6-078C241CC59B}.Debug|x86.Build.0 = Debug|Win32
		{A98927BB-74B0-4C6C-91C6-078C241CC59B}.Release|x64.ActiveCfg = Release|x64
		{A98927BB-74B0-4C6C-91C6-078C241CC59B}.Release|x64.Build.0 = Release|x64
		{A98927BB-74B0-4C6C-91C6-078C241CC59B}.Release|x86.ActiveCfg = Release|Win32
		{A98927BB-74B0-4C6C-91C6-078C241CC59B}.Release|x86.Build.0 = Release|Win32
		{66C29D98-375F-4EA9-BDA3-16988805D748}.Debug|x64.ActiveCfg = Debug|x64
		{66C29D98-375F-4EA9-BDA3-16988805D748}.Debug|x64.Build.0 = Debug|x64
		{66C29D98-375F-4EA9-BDA3-16988805D748}.Debug|x86.ActiveCfg = Debug|Win32
		{66C29D98-375F-4EA9-BDA3-16988805D748}.Debug|x86.Build.0 = Debug|Win32
		{66C29D98-375F-4EA9-BDA3-16988805D748}.Release|x64.ActiveCfg = Release|x64
		{66C29D98-375F-4EA9-BDA3-16988805D748}.Release|x64.Build.0 = Release|x64
		{66C29D98-375F-4EA9-BDA3-16988805D748}.Release|x86.ActiveCfg = Release|Win32
		{66C29D98-375F-4EA9-BDA3-16988805D748}.Release|x86.Build.0 = Release|Win32
		{95EC253A-98B6-4E69-BBD9-46B6F76A0641}.Debug|x64.ActiveCfg = Debug|x64
		{95EC253A-98B6-4E69-BBD9-46B6F76A0641}.Debug|x64.Build.0 = Debug|x64
		{95EC253A-98B6-4E69-BBD9-46B6F76A0641}.Debug|x86.ActiveCfg = Debug|Win32
		{95EC253A-98B6-4E69-BBD9-46B6F76A0641}.Debug|x86.Build.0 = Debug|Win32
		{95EC253A-98B6-4E69-BBD9-46B6F76A0641}.Release|x64.ActiveCfg = Release|x64
		{95EC253A-98B6-4E69-BBD9-46B6F76A0641}.Release|x64.Build.0 = Release|x64
		{95EC253A-98B6-4E69-BBD9-46B6F76A0641}.Release|x86.ActiveCfg = Release|Win32
		{95EC253A-98B6-4E69-BBD9-46B6F76A0641}.Release|x86.Build.0 = Release|Win32
		{85CA3229-9402-4744-AD4F-7DF3CA7E8E6D}.Debug|x64.ActiveCfg = Debug|x64
		{85CA3229-9402-4744-AD4F-7DF3CA7E8E6D}.Debug|x64.Build.0 = Debug|x64
		{85CA3229-9402-4744-AD4F-7DF3CA7E8E6D}.Debug|x86.ActiveCfg = Debug|Win32
		{85CA3229-9402-4744-AD4F-7DF3CA7E8E6D}.Debug|x86.Build.0 = Debug|Win32
		{85CA3229-9402-4744-AD4F-7DF3CA7E8E6D}.Release|x64.ActiveCfg = Release|x64
		{85CA3229-9402-4744-AD4F-7DF3CA7E8E6D}.Release|x64.Build.0 = Release|x64
		{85CA3229-9402-4744-AD4F-7DF3CA7E8E6D}.Release|x86.ActiveCfg = Release|Win32
		{85CA3229-9402-4744-AD4F-7DF3CA7E8E6D}.Release|x86.Build.0 = Release|Win32
		{496C973D-6E42-4971-AFA5-0C17DCB7AA3C}.Debug|x64.ActiveCfg = Debug|x64
		{496C973D-6E42-4971-AFA5-0C17DCB7AA3C}.Debug|x64.Build.0 = Debug|x64
		{496C973D-6E42-4971-AFA5-0C17DCB7AA3C}.Debug|x86.ActiveCfg = Debug|Win32
		{496C973D-6E42-4971-AFA5-0C17DCB7AA3C}.Debug|x86.Build.0 = Debug|Win32
		{496C973D-6E42-4971-AFA5-0C17DCB7AA3C}.Release|x64.ActiveCfg = Release|x64
		{496C973D-6E42-4971-AFA5-0C17DCB7AA3C}.Release|x64.Build.0 = Release|x64
		{496C973D-6E42-4971-AFA5-0C17DCB7AA3C}.Release|x86.ActiveCfg = Release|Win32
		{496C973D-6E42-4971-AFA5-0C17DCB7AA3C}.Release|x86.Build.0 = Release|Win32
		{B09C14CA-0C5A-496A-97E2-BA2C32D714E0}.Debug|x64.ActiveCfg = Debug|x64
		{B09C14CA-0C5A-496A-97E2-BA2C32D714E0}.Debug|x64.Build.0 = Debug|x64
		{B09C14CA-0C5A-496A-97E2-BA2C32D714E0}.Debug|x86.ActiveCfg = Debug|Win32
		{B09C14CA-0C5A-496A-97E2-BA2C32D714E0}.Debug|x86.Build.0 = Debug|Win32
		{B09C14CA-0C5A-496A-97E2-BA2C32D714E0}.Release|x64.ActiveCfg = Release|x64
		{B09C14CA-0C5A-496A-97E2-BA2C32D714E0}.Release|x64.Build.0 = Release|x64
		{B09C14CA-0C5A-496A-97E2-BA2C32D714E0}.Release|x86.ActiveCfg = Release|Win32
		{B09C14CA-0C5A-496A-97E2-BA2C32D714E0}.Release|x86.Build.0 = Release|Win32
		{C2B4C8E3-B731-4EC8-AA0E-07B84C069C2F}.Debug|x64.ActiveCfg = Debug|x64
		{C2B4C8E3-B731-4EC8-AA0E-07B84C069C2F}.Debug|x64.Build.0 = Debug|x64
		{C2B4C8E3-B731-4EC8-AA0E-07B84C069C2F}.Debug|x86.ActiveCfg = Debug|Win32
		{C2B4C8E3-B731-4EC8-AA0E-07B84C069C2F}.Debug|x86.Build.0 = Debug|Win32
		{C2B4C8E3-B731-4EC8-AA0E-07B84C069C2F}.Release|x64.ActiveCfg = Release|x64
		{C2B4C8E3-B731-4EC8-AA0E-07B84C069C2F}.Release|x64.Build.0 = Release|x64
		{C2B4C8E3-B731-4EC8-AA0E-07B84C069C2F}.Release|x86.ActiveCfg = Release|Win32
		{C2B4C8E3-B731-4EC8-AA0E-07B84C069C2F}.Release|x86.Build.0 = Release|Win32
		{B02B3732-1113-4FFB-9FDB-2187A19E745F}.Debug|x64.ActiveCfg = Debug|x64
		{B02B3732-1113-4FFB-9FDB-2187A19E745F}.Debug|x64.Build.0 = Debug|x64
		{B02B3732-1113-4FFB-9FDB-2187A19E745F}.Debug|x86.ActiveCfg = Debug|Win32
		{B02B3732-1113-4FFB-9FDB-2187A19E745F}.Debug|x86.Build.0 = Debug|Win32
		{B02B3732-1113-4FFB-9FDB-2187A19E745F}.Release|x64.ActiveCfg = Release|x64
		{B02B3732-1113-4FFB-9FDB-2187A19E745F}.Release|x64.Build.0 = Release|x64
		{B02B3732-1113-4FFB-9FDB-2187A19E745F}.Release|x86.ActiveCfg = Release|Win32
		{B02B3732-1113-4FFB-9FDB-2187A19E745F}.Release|x86.Build.0 = Release|Win32
		{8B60522A-69E4-4C8E-A9F4-A5CBF96C5963}.Debug|x64.ActiveCfg = Debug|x64
		{8B60522A-69E4-4C8E-A9F4-A5CBF96C5963}.Debug|x64.Build.0 = Debug|x64
		{8B60522A-69E4-4C8E-A9F4-A5CBF96C5963}.Debug|x86.ActiveCfg = Debug|Win32
		{8B60522A-69E4-4C8E-A9F4-A5CBF96C5963}.Debug|x86.Build.0 = Debug|Win32
		{8B60522A-69E4-4C8E-A9F4-A5CBF96C5963}.Release|x64.ActiveCfg = Release|x64
		{8B60522A-69E4-4C8E-A9F4-A5CBF96C5963}.Release|x64.Build.0 = Release|x64
		{8B60522A-69E4-4C8E-A9F4-A5CBF96C5963}.Release|x86.ActiveCfg = Release|Win32
		{8B60522A-69E4-4C8E-A9F4-A5CBF96C5963}.Release|x86.Build.0 = Release|Win32
		{97B116E5-341D-4E65-98E8-BCD9B538BE5D}.Debug|x64.ActiveCfg = Debug|x64
		{97B116E5-341D-4E65-98E8-BCD9B538BE5D}.Debug|x64.Build.0 = Debug|x64
		{97B116E5-341D-4E65-98E8-BCD9B538BE5D}.Debug|x86.ActiveCfg = Debug|Win32
		{97B116E5-341D-4E65-98E8-BCD9B538BE5D}.Debug|x86.Build.0 = Debug|Win32
		{97B116E5-341D-4E65-98E8-BCD9B538BE5D}.Release|x64.ActiveCfg = Release|x64
		{97B116E5-341D-4E65-98E8-BCD9B538BE5D}.Release|x64.Build.0 = Release|x64
		{97B116E5-341D-4E65-98E8-BCD9B538BE5D}.Release|x86.ActiveCfg = Release|Win32
		{97B116E5-341D-4E65-98E8-BCD9B538BE5D}.Release|x86.Build.0 = Release|Win32
		{E9DC5EB9-BEB4-4E7F-8FA4-67070C4B6225}.Debug|x64.ActiveCfg = Debug|x64
		{E9DC5EB9-BEB4-4E7F-8FA4-67070C4B6225}.Debug|x64.Build.0 = Debug|x64
		{E9DC5EB9-BEB4-4E7F-8FA4-67070C4B6225}.Debug|x86.ActiveCfg = Debug|Win32
		{E9DC5EB9-BEB4-4E7F-8FA4-67070C4B6225}.Debug|x86.Build.0 = Debug|Win32
		{E9DC5EB9-BEB4-4E7F-8FA4-67070C4B6225}.Release|x64.ActiveCfg = Release|x64
		{E9DC5EB9-BEB4-4E7F-8FA4-67070C4B6225}.Release|x64.Build.0 = Release|x64
		{E9DC5EB9-BEB4-4E7F-8FA4-67070C4B6225}.Release|x86.ActiveCfg = Release|Win32
		{E9DC5EB9-BEB4-4E7F-8FA4-67070C4B6225}.Release|x86.Build.0 = Release|Win32
		{FB9FD091-4E19-4CCC-B5F1-E191F1656EAF}.Debug|x64.ActiveCfg = Debug|x64
		{FB9FD091-4E19-4CCC-B5F1-E191F1656EAF}.Debug|x64.Build.0 = Debug|x64
		{FB9FD091-4E19-4CCC-B5F1-E191F1656EAF}.Debug|x86.ActiveCfg = Debug|Win32
		{FB9FD091-4E19-4CCC-B5F1-E191F1656EAF}.Debug|x86.Build.0 = Debug|Win32
		{FB9FD091-4E19-4CCC-B5F1-E191F1656EAF}.Release|x64.ActiveCfg = Release|x64
		{FB9FD091-4E19-4CCC-B5F1-E191F1656EAF}.Release|x64.Build.0 = Release|x64
		{FB9FD091-4E19-4CCC-B5F1-E191F1656EAF}.Release|x86.ActiveCfg = Release|Win32
		{FB9FD091-4E19-4CCC-B5F1-E191F1656EAF}.Release|x86.Build.0 = Release|Win32
		{7C8E4E4F-71F5-4A5F-A706-8413AB19811F}.Debug|x64.ActiveCfg = Debug|x64
		{7C8E4E4F-71F5-4A5F-A706-8413AB19811F}.Debug|x64.Build.0 = Debug|x64
		{7C8E4E4F-71F5-4A5F-A706-8413AB19811F}.Debug|x86.ActiveCfg = Debug|Win32
		{7C8E4E4F-71F5-4A5F-A706-8413AB19811F}.Debug|x86.Build.0 = Debug|Win32
		{7C8E4E4F-71F5-4A5F-A706-8413AB19811F}.Release|x64.ActiveCfg = Release|x64
		{7C8E4E4F-71F5-4A5F-A706-8413AB19811F}.Release|x64.Build.0 = Release|x64
		{7C8E4E4F-71F5-4A5F-A706-8413AB19811F}.Release|x86.ActiveCfg = Release|Win32
		{7C8E4E4F-71F5-4A5F-A706-8413AB19811F}.Release|x86.Build.0 = Release|Win32
		{8AA311C2-7FE5-4F72-A073-05513F9E04EE}.Debug|x64.ActiveCfg = Debug|x64
		{8AA311C2-7FE5-4F72-A073-05513F9E04EE}.Debug|x64.Build.0 = Debug|x64
		{8AA311C2-7FE5-4F72-A073-05513F9E04EE}.Debug|x86.ActiveCfg = Debug|Win32
		{8AA311C2-7FE5-4F72-A073-05513F9E04EE}.Debug|x86.Build.0 = Debug|Win32
		{8AA311C2-7FE5-4F72-A073-05513F9E04EE}.Release|x64.ActiveCfg = Release|x64
		{8AA311C2-7FE5-4F72-A073-05513F9E04EE}.Release|x64.Build.0 = Release|x64
		{8AA311C2-7FE5-4F72-A073-05513F9E04EE}.Release|x86.ActiveCfg = Release|Win32
		{8AA311C2-7FE5-4F72-A073-05513F9E04EE}.Release|x86.Build.0 = Release|Win32
		{6CEBD157-B303-4865-BB1C-8F8164FFA5C3}.Debug|x64.ActiveCfg = Debug|x64
		{6CEBD157-B303-4865-BB1C-8F8164FFA5C3}.Debug|x64.Build.0 = Debug|x64
		{6CEBD157-B303-4865-BB1C-8F8164FFA5C3}.Debug|x86.ActiveCfg = Debug|Win32
		{6CEBD157-B303-4865-BB1C-8F8164FFA5C3}.Debug|x86.Build.0 = Debug|Win32
		{6CEBD157-B303-4865-BB1C-8F8164FFA5C3}.Release|x64.ActiveCfg = Release|x64
		{6CEBD157-B303-4865-BB1C-8F8164FFA5C3}.Release|x64.Build.0 = Release|x64
		{6CEBD157-B303-4865-BB1C-8F8164FFA5C3}.Release|x86.ActiveCfg = Release|Win32
		{6CEBD157-B303-4865-BB1C-8F8164FFA5C3}.Release|x86.Build.0 = Release|Win32
		{164116B0-B5ED-4461-985F-32496AEEF0F8}.Debug|x64.ActiveCfg = Debug|x64
		{164116B0-B5ED-4461-985F-32496AEEF0F8}.Debug|x64.Build.0 = Debug|x64
		{164116B0-B5ED-4461-985F-32496AEEF0F8}.Debug|x86.ActiveCfg = Debug|Win32
		{164116B0-B5ED-4461-985F-32496AEEF0F8}.Debug|x86.Build.0 = Debug|Win32
		{164116B0-B5ED-4461-985F-32496AEEF0F8}.Release|x64.ActiveCfg = Release|x64
		{164116B0-B5ED-4461-985F-32496AEEF0F8}.Release|x64.Build.0 = Release|x64
		{164116B0-B5ED-4461-985F-32496AEEF0F8}.Release|x86.ActiveCfg = Release|Win32
		{164116B0-B5ED-4461-985F-32496AEEF0F8}.Release|x86.Build.0 = Release|Win32
		{E0433E5F-1C06-4EA1-BECA-70C338DD1BC9}.Debug|x64.ActiveCfg = Debug|x64
		{E0433E5F-1C06-4EA1-BECA-70C338DD1BC9}.Debug|x64.Build.0 = Debug|x64
		{E0433E5F-1C06-4EA1-BECA-70C338DD1BC9}.Debug|x86.ActiveCfg = Debug|Win32
		{E0433E5F-1C06-4EA1-BECA-70C338DD1BC9}.Debug|x86.Build.0 = Debug|Win32
		{E0433E5F-1C06-4EA1-BECA-70C338DD1BC9}.Release|x64.ActiveCfg = Release|x64
		{E0433E5F-1C06-4EA1-BECA-70C338DD1BC9}.Release|x64.Build.0 = Release|x64
		{E0433E5F-1C06-4EA1-BECA-70C338DD1BC9}.Release|x86.ActiveCfg = Release|Win32
		{E0433E5F-1C06-4EA1-BECA-70C338DD1BC9}.Release|x86.Build.0 = Release|Win32
		{C7FB0A24-299F-4C7E-AE48-A4B7BC07F299}.Debug|x64.ActiveCfg = Debug|x64
		{C7FB0A24-299F-4C7E-AE48-A4B7BC07F299}.Debug|x64.Build.0 = Debug|x64
		{C7FB0A24-299F-4C7E-AE48-A4B7BC07F299}.Debug|x86.ActiveCfg = Debug|Win32
		{C7FB0A24-299F-4C7E-AE48-A4B7BC07F299}.Debug|x86.Build.0 = Debug|Win32
		{C7FB0A24-299F-4C7E-AE48-A4B7BC07F299}.Release|x64.ActiveCfg = Release|x64
		{C7FB0A24-299F-4C7E-AE48-A4B7BC07F299}.Release|x64.Build.0 = Release|x64
		{C7FB0A24-299F-4C7E-AE48-A4B7BC07F299}.Release|x86.ActiveCfg = Release|Win32
		{C7FB0A24-299F-4C7E-AE48-A4B7BC07F299}.Release|x86.Build.0 = Release|Win32
		{0F8B822E-0547-4F0B-B318-6E0A6B101D6A}.Debug|x64.ActiveCfg = Debug|x64
		{0F8B822E-0547-4F0B-B318-6E0A6B101D6A}.Debug|x64.Build.0 = Debug|x64
		{0F8B822E-0547-4F0B-B318-6E0A6B101D6A}.Debug|x86.ActiveCfg = Debug|Win32
		{0F8B822E-0547-4F0B-B318-6E0A6B101D6A}.Debug|x86.Build.0 = Debug|Win32
		{0F8B822E-0547-4F0B-B318-6E0A6B101D6A}.Release|x64.ActiveCfg = Release|x64
		{0F8B822E-0547-4F0B-B318-6E0A6B101D6A}.Release|x64.Build.0 = Release|x64
		{0F8B822E-0547-4F0B-B318-6E0A6B101D6A}.Release|x86.ActiveCfg = Release|Win32
		{0F8B822E-0547-4F0B-B318-6E0A6B101D6A}.Release|x86.Build.0 = Release|Win32
	EndGlobalSection
	GlobalSection(SolutionProperties) = preSolution
		HideSolutionNode = FALSE
	EndGlobalSection
	GlobalSection(ExtensibilityGlobals) = postSolution
		SolutionGuid = {F5657B0C-B2A8-49BB-A012-5BF116BDAF5C}
	EndGlobalSection
EndGlobal
